{
  "version": 4,
  "terraform_version": "1.11.4",
  "serial": 1918,
  "lineage": "5e3e15bc-4cb0-131d-a9da-fe8b46c2c926",
  "outputs": {
    "nessus_private_key_path": {
      "value": "./my-keypair",
      "type": "string"
    },
    "nessus_public_ip": {
      "value": "184.72.91.144",
      "type": "string"
    },
    "private_key_path": {
      "value": "~/.ssh/id_rsa",
      "type": "string",
      "sensitive": true
    },
    "rds_endpoint": {
      "value": "terraform-20250520155456165400000005.cota62seis3c.us-east-1.rds.amazonaws.com:3306",
      "type": "string"
    },
    "wordpress_private_ip": {
      "value": "30.0.3.23",
      "type": "string"
    }
  },
  "resources": [
    {
      "mode": "data",
      "type": "aws_ami",
      "name": "linux2",
      "provider": "provider[\"registry.terraform.io/hashicorp/aws\"]",
      "instances": [
        {
          "schema_version": 0,
          "attributes": {
            "architecture": "x86_64",
            "arn": "arn:aws:ec2:us-east-1::image/ami-09f4814ae750baed6",
            "block_device_mappings": [
              {
                "device_name": "/dev/xvda",
                "ebs": {
                  "delete_on_termination": "true",
                  "encrypted": "false",
                  "iops": "0",
                  "snapshot_id": "snap-005d4f14c1902a5f8",
                  "throughput": "0",
                  "volume_size": "8",
                  "volume_type": "gp2"
                },
                "no_device": "",
                "virtual_name": ""
              }
            ],
            "creation_date": "2025-05-10T01:13:21.000Z",
            "description": "Amazon Linux 2 AMI 2.0.20250512.0 x86_64 HVM gp2",
            "ena_support": true,
            "executable_users": null,
            "filter": [
              {
                "name": "name",
                "values": [
                  "amzn2-ami-hvm-*-x86_64-gp2"
                ]
              },
              {
                "name": "virtualization-type",
                "values": [
                  "hvm"
                ]
              }
            ],
            "hypervisor": "xen",
            "id": "ami-09f4814ae750baed6",
            "image_id": "ami-09f4814ae750baed6",
            "image_location": "amazon/amzn2-ami-hvm-2.0.20250512.0-x86_64-gp2",
            "image_owner_alias": "amazon",
            "image_type": "machine",
            "kernel_id": null,
            "most_recent": true,
            "name": "amzn2-ami-hvm-2.0.20250512.0-x86_64-gp2",
            "name_regex": null,
            "owner_id": "137112412989",
            "owners": [
              "amazon"
            ],
            "platform": null,
            "platform_details": "Linux/UNIX",
            "product_codes": [],
            "public": true,
            "ramdisk_id": null,
            "root_device_name": "/dev/xvda",
            "root_device_type": "ebs",
            "root_snapshot_id": "snap-005d4f14c1902a5f8",
            "sriov_net_support": "simple",
            "state": "available",
            "state_reason": {
              "code": "UNSET",
              "message": "UNSET"
            },
            "tags": {},
            "usage_operation": "RunInstances",
            "virtualization_type": "hvm"
          },
          "sensitive_attributes": []
        }
      ]
    },
    {
      "mode": "data",
      "type": "aws_ami",
      "name": "ubuntu",
      "provider": "provider[\"registry.terraform.io/hashicorp/aws\"]",
      "instances": [
        {
          "schema_version": 0,
          "attributes": {
            "architecture": "x86_64",
            "arn": "arn:aws:ec2:us-east-1::image/ami-0718b4ac01274c8cb",
            "block_device_mappings": [
              {
                "device_name": "/dev/sda1",
                "ebs": {
                  "delete_on_termination": "true",
                  "encrypted": "false",
                  "iops": "0",
                  "snapshot_id": "snap-03d1e24c6fa1e21cc",
                  "throughput": "0",
                  "volume_size": "8",
                  "volume_type": "gp2"
                },
                "no_device": "",
                "virtual_name": ""
              },
              {
                "device_name": "/dev/sdb",
                "ebs": {},
                "no_device": "",
                "virtual_name": "ephemeral0"
              },
              {
                "device_name": "/dev/sdc",
                "ebs": {},
                "no_device": "",
                "virtual_name": "ephemeral1"
              }
            ],
            "creation_date": "2025-05-08T11:46:30.000Z",
            "description": "Canonical, Ubuntu, 20.04, amd64 focal image",
            "ena_support": true,
            "executable_users": null,
            "filter": [
              {
                "name": "name",
                "values": [
                  "ubuntu/images/hvm-ssd/ubuntu-focal-20.04-amd64-server-*"
                ]
              },
              {
                "name": "virtualization-type",
                "values": [
                  "hvm"
                ]
              }
            ],
            "hypervisor": "xen",
            "id": "ami-0718b4ac01274c8cb",
            "image_id": "ami-0718b4ac01274c8cb",
            "image_location": "amazon/ubuntu/images/hvm-ssd/ubuntu-focal-20.04-amd64-server-20250508.1",
            "image_owner_alias": "amazon",
            "image_type": "machine",
            "kernel_id": null,
            "most_recent": true,
            "name": "ubuntu/images/hvm-ssd/ubuntu-focal-20.04-amd64-server-20250508.1",
            "name_regex": null,
            "owner_id": "099720109477",
            "owners": [
              "099720109477"
            ],
            "platform": null,
            "platform_details": "Linux/UNIX",
            "product_codes": [],
            "public": true,
            "ramdisk_id": null,
            "root_device_name": "/dev/sda1",
            "root_device_type": "ebs",
            "root_snapshot_id": "snap-03d1e24c6fa1e21cc",
            "sriov_net_support": "simple",
            "state": "available",
            "state_reason": {
              "code": "UNSET",
              "message": "UNSET"
            },
            "tags": {},
            "usage_operation": "RunInstances",
            "virtualization_type": "hvm"
          },
          "sensitive_attributes": []
        }
      ]
    },
    {
      "mode": "data",
      "type": "aws_availability_zones",
      "name": "available",
      "provider": "provider[\"registry.terraform.io/hashicorp/aws\"]",
      "instances": [
        {
          "schema_version": 0,
          "attributes": {
            "all_availability_zones": null,
            "exclude_names": null,
            "exclude_zone_ids": null,
            "filter": null,
            "group_names": [
              "us-east-1-zg-1"
            ],
            "id": "us-east-1",
            "names": [
              "us-east-1a",
              "us-east-1b",
              "us-east-1c",
              "us-east-1d",
              "us-east-1e",
              "us-east-1f"
            ],
            "state": "available",
            "zone_ids": [
              "use1-az6",
              "use1-az1",
              "use1-az2",
              "use1-az4",
              "use1-az3",
              "use1-az5"
            ]
          },
          "sensitive_attributes": []
        }
      ]
    },
    {
      "mode": "data",
      "type": "aws_caller_identity",
      "name": "current",
      "provider": "provider[\"registry.terraform.io/hashicorp/aws\"]",
      "instances": [
        {
          "schema_version": 0,
          "attributes": {
            "account_id": "140403179008",
            "arn": "arn:aws:iam::140403179008:user/Terraform-User",
            "id": "140403179008",
            "user_id": "AIDASBMFOPYAKPOHJJRZZ"
          },
          "sensitive_attributes": []
        }
      ]
    },
    {
      "mode": "data",
      "type": "aws_iam_policy_document",
      "name": "config_logs_policy",
      "provider": "provider[\"registry.terraform.io/hashicorp/aws\"]",
      "instances": [
        {
          "schema_version": 0,
          "attributes": {
            "id": "150890007",
            "json": "{\n  \"Version\": \"2012-10-17\",\n  \"Statement\": [\n    {\n      \"Sid\": \"AWSConfigBucketPermissionsCheck\",\n      \"Effect\": \"Allow\",\n      \"Action\": \"s3:GetBucketAcl\",\n      \"Resource\": \"arn:aws:s3:::config-logs-us-east-1-06ce7566\",\n      \"Principal\": {\n        \"Service\": \"config.amazonaws.com\"\n      }\n    },\n    {\n      \"Sid\": \"AWSConfigBucketDelivery\",\n      \"Effect\": \"Allow\",\n      \"Action\": \"s3:PutObject\",\n      \"Resource\": \"arn:aws:s3:::config-logs-us-east-1-06ce7566/*\",\n      \"Principal\": {\n        \"Service\": \"config.amazonaws.com\"\n      },\n      \"Condition\": {\n        \"StringEquals\": {\n          \"s3:x-amz-acl\": \"bucket-owner-full-control\"\n        }\n      }\n    }\n  ]\n}",
            "override_json": null,
            "override_policy_documents": null,
            "policy_id": null,
            "source_json": null,
            "source_policy_documents": null,
            "statement": [
              {
                "actions": [
                  "s3:GetBucketAcl"
                ],
                "condition": [],
                "effect": "Allow",
                "not_actions": [],
                "not_principals": [],
                "not_resources": [],
                "principals": [
                  {
                    "identifiers": [
                      "config.amazonaws.com"
                    ],
                    "type": "Service"
                  }
                ],
                "resources": [
                  "arn:aws:s3:::config-logs-us-east-1-06ce7566"
                ],
                "sid": "AWSConfigBucketPermissionsCheck"
              },
              {
                "actions": [
                  "s3:PutObject"
                ],
                "condition": [
                  {
                    "test": "StringEquals",
                    "values": [
                      "bucket-owner-full-control"
                    ],
                    "variable": "s3:x-amz-acl"
                  }
                ],
                "effect": "Allow",
                "not_actions": [],
                "not_principals": [],
                "not_resources": [],
                "principals": [
                  {
                    "identifiers": [
                      "config.amazonaws.com"
                    ],
                    "type": "Service"
                  }
                ],
                "resources": [
                  "arn:aws:s3:::config-logs-us-east-1-06ce7566/*"
                ],
                "sid": "AWSConfigBucketDelivery"
              }
            ],
            "version": "2012-10-17"
          },
          "sensitive_attributes": []
        }
      ]
    },
    {
      "mode": "managed",
      "type": "aws_config_config_rule",
      "name": "approved_amis",
      "provider": "provider[\"registry.terraform.io/hashicorp/aws\"]",
      "instances": [
        {
          "schema_version": 0,
          "attributes": {
            "arn": "arn:aws:config:us-east-1:140403179008:config-rule/config-rule-zvpcta",
            "description": "",
            "id": "approved-amis-by-id",
            "input_parameters": "{\"amiIds\":\"ami-*\"}",
            "maximum_execution_frequency": "",
            "name": "approved-amis-by-id",
            "rule_id": "config-rule-zvpcta",
            "scope": [],
            "source": [
              {
                "owner": "AWS",
                "source_detail": [],
                "source_identifier": "APPROVED_AMIS_BY_ID"
              }
            ],
            "tags": null,
            "tags_all": {}
          },
          "sensitive_attributes": [],
          "private": "bnVsbA==",
          "dependencies": [
            "aws_config_configuration_recorder.recorder",
            "aws_config_configuration_recorder_status.recorder_status",
            "aws_config_delivery_channel.channel",
            "aws_iam_role.config_role",
            "aws_s3_bucket.config_logs",
            "aws_s3_bucket_policy.config_logs_policy",
            "data.aws_iam_policy_document.config_logs_policy",
            "random_id.bucket_id"
          ]
        }
      ]
    },
    {
      "mode": "managed",
      "type": "aws_config_config_rule",
      "name": "rds_encryption",
      "provider": "provider[\"registry.terraform.io/hashicorp/aws\"]",
      "instances": [
        {
          "schema_version": 0,
          "attributes": {
            "arn": "arn:aws:config:us-east-1:140403179008:config-rule/config-rule-nahc8h",
            "description": "",
            "id": "rds-encryption",
            "input_parameters": "",
            "maximum_execution_frequency": "",
            "name": "rds-encryption",
            "rule_id": "config-rule-nahc8h",
            "scope": [],
            "source": [
              {
                "owner": "AWS",
                "source_detail": [],
                "source_identifier": "RDS_STORAGE_ENCRYPTED"
              }
            ],
            "tags": null,
            "tags_all": {}
          },
          "sensitive_attributes": [],
          "private": "bnVsbA==",
          "dependencies": [
            "aws_config_configuration_recorder.recorder",
            "aws_config_configuration_recorder_status.recorder_status",
            "aws_config_delivery_channel.channel",
            "aws_iam_role.config_role",
            "aws_s3_bucket.config_logs",
            "aws_s3_bucket_policy.config_logs_policy",
            "data.aws_iam_policy_document.config_logs_policy",
            "random_id.bucket_id"
          ]
        }
      ]
    },
    {
      "mode": "managed",
      "type": "aws_config_config_rule",
      "name": "restricted_ports",
      "provider": "provider[\"registry.terraform.io/hashicorp/aws\"]",
      "instances": [
        {
          "schema_version": 0,
          "attributes": {
            "arn": "arn:aws:config:us-east-1:140403179008:config-rule/config-rule-isadg2",
            "description": "",
            "id": "restricted-ssh",
            "input_parameters": "",
            "maximum_execution_frequency": "",
            "name": "restricted-ssh",
            "rule_id": "config-rule-isadg2",
            "scope": [],
            "source": [
              {
                "owner": "AWS",
                "source_detail": [],
                "source_identifier": "INCOMING_SSH_DISABLED"
              }
            ],
            "tags": null,
            "tags_all": {}
          },
          "sensitive_attributes": [],
          "private": "bnVsbA==",
          "dependencies": [
            "aws_config_configuration_recorder.recorder",
            "aws_config_configuration_recorder_status.recorder_status",
            "aws_config_delivery_channel.channel",
            "aws_iam_role.config_role",
            "aws_s3_bucket.config_logs",
            "aws_s3_bucket_policy.config_logs_policy",
            "data.aws_iam_policy_document.config_logs_policy",
            "random_id.bucket_id"
          ]
        }
      ]
    },
    {
      "mode": "managed",
      "type": "aws_config_config_rule",
      "name": "vpc_flow_logs",
      "provider": "provider[\"registry.terraform.io/hashicorp/aws\"]",
      "instances": [
        {
          "schema_version": 0,
          "attributes": {
            "arn": "arn:aws:config:us-east-1:140403179008:config-rule/config-rule-bwbn12",
            "description": "",
            "id": "vpc-flow-logs-enabled",
            "input_parameters": "",
            "maximum_execution_frequency": "",
            "name": "vpc-flow-logs-enabled",
            "rule_id": "config-rule-bwbn12",
            "scope": [],
            "source": [
              {
                "owner": "AWS",
                "source_detail": [],
                "source_identifier": "VPC_FLOW_LOGS_ENABLED"
              }
            ],
            "tags": null,
            "tags_all": {}
          },
          "sensitive_attributes": [],
          "private": "bnVsbA==",
          "dependencies": [
            "aws_config_configuration_recorder.recorder",
            "aws_config_configuration_recorder_status.recorder_status",
            "aws_config_delivery_channel.channel",
            "aws_iam_role.config_role",
            "aws_s3_bucket.config_logs",
            "aws_s3_bucket_policy.config_logs_policy",
            "data.aws_iam_policy_document.config_logs_policy",
            "random_id.bucket_id"
          ]
        }
      ]
    },
    {
      "mode": "managed",
      "type": "aws_config_configuration_recorder",
      "name": "recorder",
      "provider": "provider[\"registry.terraform.io/hashicorp/aws\"]",
      "instances": [
        {
          "schema_version": 0,
          "attributes": {
            "id": "default",
            "name": "default",
            "recording_group": [
              {
                "all_supported": true,
                "include_global_resource_types": true,
                "resource_types": null
              }
            ],
            "role_arn": "arn:aws:iam::140403179008:role/aws-config-role"
          },
          "sensitive_attributes": [],
          "private": "bnVsbA==",
          "dependencies": [
            "aws_iam_role.config_role",
            "aws_s3_bucket.config_logs",
            "aws_s3_bucket_policy.config_logs_policy",
            "data.aws_iam_policy_document.config_logs_policy",
            "random_id.bucket_id"
          ]
        }
      ]
    },
    {
      "mode": "managed",
      "type": "aws_config_configuration_recorder_status",
      "name": "recorder_status",
      "provider": "provider[\"registry.terraform.io/hashicorp/aws\"]",
      "instances": [
        {
          "schema_version": 0,
          "attributes": {
            "id": "default",
            "is_enabled": true,
            "name": "default"
          },
          "sensitive_attributes": [],
          "private": "bnVsbA==",
          "dependencies": [
            "aws_config_configuration_recorder.recorder",
            "aws_config_delivery_channel.channel",
            "aws_iam_role.config_role",
            "aws_s3_bucket.config_logs",
            "aws_s3_bucket_policy.config_logs_policy",
            "data.aws_iam_policy_document.config_logs_policy",
            "random_id.bucket_id"
          ]
        }
      ]
    },
    {
      "mode": "managed",
      "type": "aws_config_delivery_channel",
      "name": "channel",
      "provider": "provider[\"registry.terraform.io/hashicorp/aws\"]",
      "instances": [
        {
          "schema_version": 0,
          "attributes": {
            "id": "default",
            "name": "default",
            "s3_bucket_name": "config-logs-us-east-1-06ce7566",
            "s3_key_prefix": "",
            "s3_kms_key_arn": "",
            "snapshot_delivery_properties": [],
            "sns_topic_arn": ""
          },
          "sensitive_attributes": [],
          "private": "bnVsbA==",
          "dependencies": [
            "aws_config_configuration_recorder.recorder",
            "aws_iam_role.config_role",
            "aws_s3_bucket.config_logs",
            "aws_s3_bucket_policy.config_logs_policy",
            "data.aws_iam_policy_document.config_logs_policy",
            "random_id.bucket_id"
          ]
        }
      ]
    },
    {
      "mode": "managed",
      "type": "aws_db_subnet_group",
      "name": "RDS_subnet_grp",
      "provider": "provider[\"registry.terraform.io/hashicorp/aws\"]",
      "instances": [
        {
          "schema_version": 0,
          "attributes": {
            "arn": "arn:aws:rds:us-east-1:140403179008:subgrp:rds-subnet-group",
            "description": "Managed by Terraform",
            "id": "rds-subnet-group",
            "name": "rds-subnet-group",
            "name_prefix": null,
            "subnet_ids": [
              "subnet-0d8dbef6da3cac98c",
              "subnet-0e1e6d0589f94db7f"
            ],
            "tags": {
              "Name": "RDS Subnet Group"
            },
            "tags_all": {
              "Name": "RDS Subnet Group"
            }
          },
          "sensitive_attributes": [],
          "private": "bnVsbA==",
          "dependencies": [
            "aws_subnet.subnet5",
            "aws_subnet.subnet6",
            "aws_vpc.vpc"
          ]
        }
      ]
    },
    {
      "mode": "managed",
      "type": "aws_eip",
      "name": "Nat-Gateway-1",
      "provider": "provider[\"registry.terraform.io/hashicorp/aws\"]",
      "instances": [
        {
          "schema_version": 0,
          "attributes": {
            "address": null,
            "allocation_id": "eipalloc-0f6cbecdb258905da",
            "associate_with_private_ip": null,
            "association_id": "",
            "carrier_ip": "",
            "customer_owned_ip": "",
            "customer_owned_ipv4_pool": "",
            "domain": "vpc",
            "id": "eipalloc-0f6cbecdb258905da",
            "instance": "",
            "network_border_group": "us-east-1",
            "network_interface": "",
            "private_dns": null,
            "private_ip": "",
            "public_dns": "ec2-3-228-250-53.compute-1.amazonaws.com",
            "public_ip": "3.228.250.53",
            "public_ipv4_pool": "amazon",
            "tags": null,
            "tags_all": {},
            "timeouts": null,
            "vpc": true
          },
          "sensitive_attributes": [],
          "private": "eyJlMmJmYjczMC1lY2FhLTExZTYtOGY4OC0zNDM2M2JjN2M0YzAiOnsiZGVsZXRlIjoxODAwMDAwMDAwMDAsInJlYWQiOjkwMDAwMDAwMDAwMCwidXBkYXRlIjozMDAwMDAwMDAwMDB9fQ==",
          "dependencies": [
            "aws_internet_gateway.igw",
            "aws_route_table.public-rt",
            "aws_route_table_association.rt-association1",
            "aws_route_table_association.rt-association2",
            "aws_subnet.subnet1",
            "aws_subnet.subnet2",
            "aws_vpc.vpc"
          ]
        }
      ]
    },
    {
      "mode": "managed",
      "type": "aws_eip",
      "name": "Nat-Gateway-2",
      "provider": "provider[\"registry.terraform.io/hashicorp/aws\"]",
      "instances": [
        {
          "schema_version": 0,
          "attributes": {
            "address": null,
            "allocation_id": "eipalloc-0b8c05fd096231fa2",
            "associate_with_private_ip": null,
            "association_id": "",
            "carrier_ip": "",
            "customer_owned_ip": "",
            "customer_owned_ipv4_pool": "",
            "domain": "vpc",
            "id": "eipalloc-0b8c05fd096231fa2",
            "instance": "",
            "network_border_group": "us-east-1",
            "network_interface": "",
            "private_dns": null,
            "private_ip": "",
            "public_dns": "ec2-52-71-24-121.compute-1.amazonaws.com",
            "public_ip": "52.71.24.121",
            "public_ipv4_pool": "amazon",
            "tags": null,
            "tags_all": {},
            "timeouts": null,
            "vpc": true
          },
          "sensitive_attributes": [],
          "private": "eyJlMmJmYjczMC1lY2FhLTExZTYtOGY4OC0zNDM2M2JjN2M0YzAiOnsiZGVsZXRlIjoxODAwMDAwMDAwMDAsInJlYWQiOjkwMDAwMDAwMDAwMCwidXBkYXRlIjozMDAwMDAwMDAwMDB9fQ==",
          "dependencies": [
            "aws_internet_gateway.igw",
            "aws_route_table.public-rt",
            "aws_route_table_association.rt-association1",
            "aws_route_table_association.rt-association2",
            "aws_subnet.subnet1",
            "aws_subnet.subnet2",
            "aws_vpc.vpc"
          ]
        }
      ]
    },
    {
      "mode": "managed",
      "type": "aws_iam_role",
      "name": "config_role",
      "provider": "provider[\"registry.terraform.io/hashicorp/aws\"]",
      "instances": [
        {
          "schema_version": 0,
          "attributes": {
            "arn": "arn:aws:iam::140403179008:role/aws-config-role",
            "assume_role_policy": "{\"Version\":\"2012-10-17\",\"Statement\":[{\"Effect\":\"Allow\",\"Principal\":{\"Service\":\"config.amazonaws.com\"},\"Action\":\"sts:AssumeRole\"}]}",
            "create_date": "2025-05-20T15:54:20Z",
            "description": "",
            "force_detach_policies": false,
            "id": "aws-config-role",
            "inline_policy": [
              {
                "name": "",
                "policy": ""
              }
            ],
            "managed_policy_arns": [],
            "max_session_duration": 3600,
            "name": "aws-config-role",
            "name_prefix": "",
            "path": "/",
            "permissions_boundary": null,
            "tags": null,
            "tags_all": {},
            "unique_id": "AROASBMFOPYALR7TIMGK4"
          },
          "sensitive_attributes": [],
          "private": "bnVsbA=="
        }
      ]
    },
    {
      "mode": "managed",
      "type": "aws_iam_role_policy",
      "name": "config_inline_policy",
      "provider": "provider[\"registry.terraform.io/hashicorp/aws\"]",
      "instances": [
        {
          "schema_version": 0,
          "attributes": {
            "id": "aws-config-role:aws-config-inline-policy",
            "name": "aws-config-inline-policy",
            "name_prefix": null,
            "policy": "{\"Statement\":[{\"Action\":[\"config:Put*\",\"config:Get*\",\"config:Describe*\",\"s3:PutObject\",\"sns:Publish\"],\"Effect\":\"Allow\",\"Resource\":\"*\"},{\"Action\":[\"iam:PassRole\"],\"Effect\":\"Allow\",\"Resource\":\"*\"}],\"Version\":\"2012-10-17\"}",
            "role": "aws-config-role"
          },
          "sensitive_attributes": [],
          "private": "bnVsbA==",
          "dependencies": [
            "aws_iam_role.config_role"
          ]
        }
      ]
    },
    {
      "mode": "managed",
      "type": "aws_instance",
      "name": "bastion_host",
      "provider": "provider[\"registry.terraform.io/hashicorp/aws\"]",
      "instances": [
        {
          "schema_version": 1,
          "attributes": {
            "ami": "ami-0a38b8c18f189761a",
            "arn": "arn:aws:ec2:us-east-1:140403179008:instance/i-0ac8243fc2fc8b351",
            "associate_public_ip_address": true,
            "availability_zone": "us-east-1a",
            "capacity_reservation_specification": [
              {
                "capacity_reservation_preference": "open",
                "capacity_reservation_target": []
              }
            ],
            "cpu_core_count": 1,
            "cpu_threads_per_core": 1,
            "credit_specification": [
              {
                "cpu_credits": "standard"
              }
            ],
            "disable_api_termination": false,
            "ebs_block_device": [],
            "ebs_optimized": false,
            "enclave_options": [
              {
                "enabled": false
              }
            ],
            "ephemeral_block_device": [],
            "get_password_data": false,
            "hibernation": false,
            "host_id": null,
            "iam_instance_profile": "",
            "id": "i-0ac8243fc2fc8b351",
            "instance_initiated_shutdown_behavior": "stop",
            "instance_state": "running",
            "instance_type": "t2.micro",
            "ipv6_address_count": 0,
            "ipv6_addresses": [],
            "key_name": "my-keypair",
            "launch_template": [],
            "metadata_options": [
              {
                "http_endpoint": "enabled",
                "http_put_response_hop_limit": 1,
                "http_tokens": "optional",
                "instance_metadata_tags": "disabled"
              }
            ],
            "monitoring": false,
            "network_interface": [],
            "outpost_arn": "",
            "password_data": "",
            "placement_group": "",
            "placement_partition_number": null,
            "primary_network_interface_id": "eni-0cc56cd1d1d4a2236",
            "private_dns": "ip-30-0-1-149.ec2.internal",
            "private_ip": "30.0.1.149",
            "public_dns": "ec2-52-91-57-43.compute-1.amazonaws.com",
            "public_ip": "52.91.57.43",
            "root_block_device": [
              {
                "delete_on_termination": true,
                "device_name": "/dev/xvda",
                "encrypted": false,
                "iops": 100,
                "kms_key_id": "",
                "tags": {},
                "throughput": 0,
                "volume_id": "vol-01432eeb35f46529b",
                "volume_size": 8,
                "volume_type": "gp2"
              }
            ],
            "secondary_private_ips": [],
            "security_groups": [],
            "source_dest_check": true,
            "subnet_id": "subnet-01ef66c8fa107653c",
            "tags": {
              "Name": "Bastion Host"
            },
            "tags_all": {
              "Name": "Bastion Host"
            },
            "tenancy": "default",
            "timeouts": null,
            "user_data": null,
            "user_data_base64": null,
            "volume_tags": null,
            "vpc_security_group_ids": [
              "sg-0930870d872317574"
            ]
          },
          "sensitive_attributes": [],
          "private": "eyJlMmJmYjczMC1lY2FhLTExZTYtOGY4OC0zNDM2M2JjN2M0YzAiOnsiY3JlYXRlIjo2MDAwMDAwMDAwMDAsImRlbGV0ZSI6MTIwMDAwMDAwMDAwMCwidXBkYXRlIjo2MDAwMDAwMDAwMDB9LCJzY2hlbWFfdmVyc2lvbiI6IjEifQ==",
          "dependencies": [
            "aws_key_pair.ssh_key",
            "aws_security_group.bastion",
            "aws_subnet.subnet1",
            "aws_vpc.vpc"
          ]
        }
      ]
    },
    {
      "mode": "managed",
      "type": "aws_instance",
      "name": "nessus",
      "provider": "provider[\"registry.terraform.io/hashicorp/aws\"]",
      "instances": [
        {
          "schema_version": 1,
          "attributes": {
            "ami": "ami-0c7217cdde317cfec",
            "arn": "arn:aws:ec2:us-east-1:140403179008:instance/i-0d3484e603599edcc",
            "associate_public_ip_address": true,
            "availability_zone": "us-east-1a",
            "capacity_reservation_specification": [
              {
                "capacity_reservation_preference": "open",
                "capacity_reservation_target": []
              }
            ],
            "cpu_core_count": 1,
            "cpu_threads_per_core": 2,
            "credit_specification": [
              {
                "cpu_credits": "unlimited"
              }
            ],
            "disable_api_termination": false,
            "ebs_block_device": [],
            "ebs_optimized": false,
            "enclave_options": [
              {
                "enabled": false
              }
            ],
            "ephemeral_block_device": [],
            "get_password_data": false,
            "hibernation": false,
            "host_id": null,
            "iam_instance_profile": "",
            "id": "i-0d3484e603599edcc",
            "instance_initiated_shutdown_behavior": "stop",
            "instance_state": "running",
            "instance_type": "t3.medium",
            "ipv6_address_count": 0,
            "ipv6_addresses": [],
            "key_name": "my-keypair",
            "launch_template": [],
            "metadata_options": [
              {
                "http_endpoint": "enabled",
                "http_put_response_hop_limit": 1,
                "http_tokens": "optional",
                "instance_metadata_tags": "disabled"
              }
            ],
            "monitoring": false,
            "network_interface": [],
            "outpost_arn": "",
            "password_data": "",
            "placement_group": "",
            "placement_partition_number": null,
            "primary_network_interface_id": "eni-0bbe5c92d698e3fb8",
            "private_dns": "ip-10-0-1-95.ec2.internal",
            "private_ip": "10.0.1.95",
            "public_dns": "ec2-184-72-91-144.compute-1.amazonaws.com",
            "public_ip": "184.72.91.144",
            "root_block_device": [
              {
                "delete_on_termination": true,
                "device_name": "/dev/sda1",
                "encrypted": true,
                "iops": 3000,
                "kms_key_id": "arn:aws:kms:us-east-1:140403179008:key/a5398e6c-a8f4-4d72-8f8b-009feff4b815",
                "tags": {
                  "Name": "nessus-root-volume"
                },
                "throughput": 125,
                "volume_id": "vol-0d9a9bc76b72d5bb6",
                "volume_size": 30,
                "volume_type": "gp3"
              }
            ],
            "secondary_private_ips": [],
            "security_groups": [],
            "source_dest_check": true,
            "subnet_id": "subnet-032d7c84bd5e62e70",
            "tags": {
              "Name": "nessus-scanner"
            },
            "tags_all": {
              "Name": "nessus-scanner"
            },
            "tenancy": "default",
            "timeouts": null,
            "user_data": "b635999b87d61fa10bcf731e6b7e43dbb8c88401",
            "user_data_base64": null,
            "volume_tags": null,
            "vpc_security_group_ids": [
              "sg-02abe4c5a991870b1"
            ]
          },
          "sensitive_attributes": [],
          "private": "eyJlMmJmYjczMC1lY2FhLTExZTYtOGY4OC0zNDM2M2JjN2M0YzAiOnsiY3JlYXRlIjo2MDAwMDAwMDAwMDAsImRlbGV0ZSI6MTIwMDAwMDAwMDAwMCwidXBkYXRlIjo2MDAwMDAwMDAwMDB9LCJzY2hlbWFfdmVyc2lvbiI6IjEifQ==",
          "dependencies": [
            "aws_key_pair.ssh_key",
            "aws_security_group.nessus",
            "aws_subnet.public",
            "aws_vpc.main",
            "data.aws_availability_zones.available"
          ]
        }
      ]
    },
    {
      "mode": "managed",
      "type": "aws_instance",
      "name": "wazuh",
      "provider": "provider[\"registry.terraform.io/hashicorp/aws\"]",
      "instances": [
        {
          "schema_version": 1,
          "attributes": {
            "ami": "ami-0718b4ac01274c8cb",
            "arn": "arn:aws:ec2:us-east-1:140403179008:instance/i-010357e09f68667f0",
            "associate_public_ip_address": true,
            "availability_zone": "us-east-1a",
            "capacity_reservation_specification": [
              {
                "capacity_reservation_preference": "open",
                "capacity_reservation_target": []
              }
            ],
            "cpu_core_count": 1,
            "cpu_threads_per_core": 2,
            "credit_specification": [
              {
                "cpu_credits": "unlimited"
              }
            ],
            "disable_api_termination": false,
            "ebs_block_device": [],
            "ebs_optimized": false,
            "enclave_options": [
              {
                "enabled": false
              }
            ],
            "ephemeral_block_device": [],
            "get_password_data": false,
            "hibernation": false,
            "host_id": null,
            "iam_instance_profile": "",
            "id": "i-010357e09f68667f0",
            "instance_initiated_shutdown_behavior": "stop",
            "instance_state": "running",
            "instance_type": "t3.medium",
            "ipv6_address_count": 0,
            "ipv6_addresses": [],
            "key_name": "my-keypair",
            "launch_template": [],
            "metadata_options": [
              {
                "http_endpoint": "enabled",
                "http_put_response_hop_limit": 1,
                "http_tokens": "optional",
                "instance_metadata_tags": "disabled"
              }
            ],
            "monitoring": false,
            "network_interface": [],
            "outpost_arn": "",
            "password_data": "",
            "placement_group": "",
            "placement_partition_number": null,
            "primary_network_interface_id": "eni-005808b5249352bf3",
            "private_dns": "ip-30-0-1-197.ec2.internal",
            "private_ip": "30.0.1.197",
            "public_dns": "ec2-54-242-22-27.compute-1.amazonaws.com",
            "public_ip": "54.242.22.27",
            "root_block_device": [
              {
                "delete_on_termination": true,
                "device_name": "/dev/sda1",
                "encrypted": false,
                "iops": 3000,
                "kms_key_id": "",
                "tags": null,
                "throughput": 125,
                "volume_id": "vol-0ac4530656653b95c",
                "volume_size": 30,
                "volume_type": "gp3"
              }
            ],
            "secondary_private_ips": [],
            "security_groups": [],
            "source_dest_check": true,
            "subnet_id": "subnet-01ef66c8fa107653c",
            "tags": {
              "Name": "Wazuh-Server"
            },
            "tags_all": {
              "Name": "Wazuh-Server"
            },
            "tenancy": "default",
            "timeouts": null,
            "user_data": "6a5e83c2bfe676593740c9b7dd20864320bde8b4",
            "user_data_base64": null,
            "volume_tags": null,
            "vpc_security_group_ids": [
              "sg-0b43b3150a7dee433"
            ]
          },
          "sensitive_attributes": [],
          "private": "eyJlMmJmYjczMC1lY2FhLTExZTYtOGY4OC0zNDM2M2JjN2M0YzAiOnsiY3JlYXRlIjo2MDAwMDAwMDAwMDAsImRlbGV0ZSI6MTIwMDAwMDAwMDAwMCwidXBkYXRlIjo2MDAwMDAwMDAwMDB9LCJzY2hlbWFfdmVyc2lvbiI6IjEifQ==",
          "dependencies": [
            "aws_key_pair.ssh_key",
            "aws_security_group.wazuh",
            "aws_subnet.subnet1",
            "aws_vpc.vpc",
            "data.aws_ami.ubuntu"
          ]
        }
      ]
    },
    {
      "mode": "managed",
      "type": "aws_internet_gateway",
      "name": "igw",
      "provider": "provider[\"registry.terraform.io/hashicorp/aws\"]",
      "instances": [
        {
          "schema_version": 0,
          "attributes": {
            "arn": "arn:aws:ec2:us-east-1:140403179008:internet-gateway/igw-065ba2629525eb32c",
            "id": "igw-065ba2629525eb32c",
            "owner_id": "140403179008",
            "tags": {
              "Name": "Internet Gateway - Public \u0026 Private VPC"
            },
            "tags_all": {
              "Name": "Internet Gateway - Public \u0026 Private VPC"
            },
            "vpc_id": "vpc-0ba8b3d60793204e3"
          },
          "sensitive_attributes": [],
          "private": "bnVsbA==",
          "dependencies": [
            "aws_vpc.vpc"
          ]
        }
      ]
    },
    {
      "mode": "managed",
      "type": "aws_internet_gateway",
      "name": "main",
      "provider": "provider[\"registry.terraform.io/hashicorp/aws\"]",
      "instances": [
        {
          "schema_version": 0,
          "attributes": {
            "arn": "arn:aws:ec2:us-east-1:140403179008:internet-gateway/igw-09b9941071a66b82e",
            "id": "igw-09b9941071a66b82e",
            "owner_id": "140403179008",
            "tags": {
              "Name": "Nessus IGW"
            },
            "tags_all": {
              "Name": "Nessus IGW"
            },
            "vpc_id": "vpc-0715ef24fb2dfe744"
          },
          "sensitive_attributes": [],
          "private": "bnVsbA==",
          "dependencies": [
            "aws_vpc.main"
          ]
        }
      ]
    },
    {
      "mode": "managed",
      "type": "aws_key_pair",
      "name": "ssh_key",
      "provider": "provider[\"registry.terraform.io/hashicorp/aws\"]",
      "instances": [
        {
          "schema_version": 1,
          "attributes": {
            "arn": "arn:aws:ec2:us-east-1:140403179008:key-pair/my-keypair",
            "fingerprint": "67:db:c8:8b:51:22:ba:f6:bb:48:46:de:21:e5:25:f1",
            "id": "my-keypair",
            "key_name": "my-keypair",
            "key_name_prefix": "",
            "key_pair_id": "key-08593b648194e0eee",
            "public_key": "ssh-rsa AAAAB3NzaC1yc2EAAAADAQABAAABAQC0OTt4sAqU9J/PlUPsCj2ANrC58FCXc8iaAOmUDJq5mGt/rp2R8JbxevB8BknrXFowNQFY0+9mn25V9+EfPus8bTNySFKdHOPZF28qfFLjrDsRX0BtPwCo4hhvkjNr80RZ9v2+zKcluPp/w/zxUrwhJ5pk4e7vyk9BnefjdRVGYgdPvcvDynyEgSkzsU2faggUFVBWbPL9+wosY2TrElFYzV1/p86LHPBG3ueFexIMsm1IOIMjszZ+SWxpZ7OnaksfdJ1ox8OVYHGGnuYcBaHZKNpGXT42LBum0rk9hhkY0pPHfVRt0lYzjoiEBsfoIvDs1m/denRHjIzfg8DXJqsL root@PC-Cristian",
            "tags": null,
            "tags_all": {}
          },
          "sensitive_attributes": [],
          "private": "eyJzY2hlbWFfdmVyc2lvbiI6IjEifQ=="
        }
      ]
    },
    {
      "mode": "managed",
      "type": "aws_nat_gateway",
      "name": "NAT_GATEWAY_1",
      "provider": "provider[\"registry.terraform.io/hashicorp/aws\"]",
      "instances": [
        {
          "schema_version": 0,
          "attributes": {
            "allocation_id": "eipalloc-0f6cbecdb258905da",
            "connectivity_type": "public",
            "id": "nat-034b4c7675a17ad32",
            "network_interface_id": "eni-015ba2c6837f18d9e",
            "private_ip": "30.0.1.176",
            "public_ip": "3.228.250.53",
            "subnet_id": "subnet-01ef66c8fa107653c",
            "tags": {
              "Name": "Nat-Gateway_1"
            },
            "tags_all": {
              "Name": "Nat-Gateway_1"
            }
          },
          "sensitive_attributes": [],
          "private": "bnVsbA==",
          "dependencies": [
            "aws_eip.Nat-Gateway-1",
            "aws_internet_gateway.igw",
            "aws_route_table.public-rt",
            "aws_route_table_association.rt-association1",
            "aws_route_table_association.rt-association2",
            "aws_subnet.subnet1",
            "aws_subnet.subnet2",
            "aws_vpc.vpc"
          ]
        }
      ]
    },
    {
      "mode": "managed",
      "type": "aws_nat_gateway",
      "name": "NAT_GATEWAY_2",
      "provider": "provider[\"registry.terraform.io/hashicorp/aws\"]",
      "instances": [
        {
          "schema_version": 0,
          "attributes": {
            "allocation_id": "eipalloc-0b8c05fd096231fa2",
            "connectivity_type": "public",
            "id": "nat-0443b50c3e971b68b",
            "network_interface_id": "eni-0367917b9386fe6e8",
            "private_ip": "30.0.2.249",
            "public_ip": "52.71.24.121",
            "subnet_id": "subnet-0a990227112aec439",
            "tags": {
              "Name": "Nat-Gateway_2"
            },
            "tags_all": {
              "Name": "Nat-Gateway_2"
            }
          },
          "sensitive_attributes": [],
          "private": "bnVsbA==",
          "dependencies": [
            "aws_eip.Nat-Gateway-2",
            "aws_internet_gateway.igw",
            "aws_route_table.public-rt",
            "aws_route_table_association.rt-association1",
            "aws_route_table_association.rt-association2",
            "aws_subnet.subnet1",
            "aws_subnet.subnet2",
            "aws_vpc.vpc"
          ]
        }
      ]
    },
    {
      "mode": "managed",
      "type": "aws_route_table",
      "name": "NAT_Gateway_RT_1",
      "provider": "provider[\"registry.terraform.io/hashicorp/aws\"]",
      "instances": [
        {
          "schema_version": 0,
          "attributes": {
            "arn": "arn:aws:ec2:us-east-1:140403179008:route-table/rtb-03716a20c694812db",
            "id": "rtb-03716a20c694812db",
            "owner_id": "140403179008",
            "propagating_vgws": [],
            "route": [
              {
                "carrier_gateway_id": "",
                "cidr_block": "0.0.0.0/0",
                "destination_prefix_list_id": "",
                "egress_only_gateway_id": "",
                "gateway_id": "",
                "instance_id": "",
                "ipv6_cidr_block": "",
                "local_gateway_id": "",
                "nat_gateway_id": "nat-034b4c7675a17ad32",
                "network_interface_id": "",
                "transit_gateway_id": "",
                "vpc_endpoint_id": "",
                "vpc_peering_connection_id": ""
              }
            ],
            "tags": {
              "Name": "Route Table for NAT Gateway-1"
            },
            "tags_all": {
              "Name": "Route Table for NAT Gateway-1"
            },
            "timeouts": null,
            "vpc_id": "vpc-0ba8b3d60793204e3"
          },
          "sensitive_attributes": [],
          "private": "eyJlMmJmYjczMC1lY2FhLTExZTYtOGY4OC0zNDM2M2JjN2M0YzAiOnsiY3JlYXRlIjozMDAwMDAwMDAwMDAsImRlbGV0ZSI6MzAwMDAwMDAwMDAwLCJ1cGRhdGUiOjEyMDAwMDAwMDAwMH19",
          "dependencies": [
            "aws_eip.Nat-Gateway-1",
            "aws_internet_gateway.igw",
            "aws_nat_gateway.NAT_GATEWAY_1",
            "aws_route_table.public-rt",
            "aws_route_table_association.rt-association1",
            "aws_route_table_association.rt-association2",
            "aws_subnet.subnet1",
            "aws_subnet.subnet2",
            "aws_vpc.vpc"
          ]
        }
      ]
    },
    {
      "mode": "managed",
      "type": "aws_route_table",
      "name": "NAT_Gateway_RT_2",
      "provider": "provider[\"registry.terraform.io/hashicorp/aws\"]",
      "instances": [
        {
          "schema_version": 0,
          "attributes": {
            "arn": "arn:aws:ec2:us-east-1:140403179008:route-table/rtb-08c2bb0ecf1d22b03",
            "id": "rtb-08c2bb0ecf1d22b03",
            "owner_id": "140403179008",
            "propagating_vgws": [],
            "route": [
              {
                "carrier_gateway_id": "",
                "cidr_block": "0.0.0.0/0",
                "destination_prefix_list_id": "",
                "egress_only_gateway_id": "",
                "gateway_id": "",
                "instance_id": "",
                "ipv6_cidr_block": "",
                "local_gateway_id": "",
                "nat_gateway_id": "nat-0443b50c3e971b68b",
                "network_interface_id": "",
                "transit_gateway_id": "",
                "vpc_endpoint_id": "",
                "vpc_peering_connection_id": ""
              }
            ],
            "tags": {
              "Name": "Route Table for NAT Gateway-2"
            },
            "tags_all": {
              "Name": "Route Table for NAT Gateway-2"
            },
            "timeouts": null,
            "vpc_id": "vpc-0ba8b3d60793204e3"
          },
          "sensitive_attributes": [],
          "private": "eyJlMmJmYjczMC1lY2FhLTExZTYtOGY4OC0zNDM2M2JjN2M0YzAiOnsiY3JlYXRlIjozMDAwMDAwMDAwMDAsImRlbGV0ZSI6MzAwMDAwMDAwMDAwLCJ1cGRhdGUiOjEyMDAwMDAwMDAwMH19",
          "dependencies": [
            "aws_eip.Nat-Gateway-2",
            "aws_internet_gateway.igw",
            "aws_nat_gateway.NAT_GATEWAY_2",
            "aws_route_table.public-rt",
            "aws_route_table_association.rt-association1",
            "aws_route_table_association.rt-association2",
            "aws_subnet.subnet1",
            "aws_subnet.subnet2",
            "aws_vpc.vpc"
          ]
        }
      ]
    },
    {
      "mode": "managed",
      "type": "aws_route_table",
      "name": "public",
      "provider": "provider[\"registry.terraform.io/hashicorp/aws\"]",
      "instances": [
        {
          "schema_version": 0,
          "attributes": {
            "arn": "arn:aws:ec2:us-east-1:140403179008:route-table/rtb-0b2b81989065eac95",
            "id": "rtb-0b2b81989065eac95",
            "owner_id": "140403179008",
            "propagating_vgws": [],
            "route": [
              {
                "carrier_gateway_id": "",
                "cidr_block": "0.0.0.0/0",
                "destination_prefix_list_id": "",
                "egress_only_gateway_id": "",
                "gateway_id": "igw-09b9941071a66b82e",
                "instance_id": "",
                "ipv6_cidr_block": "",
                "local_gateway_id": "",
                "nat_gateway_id": "",
                "network_interface_id": "",
                "transit_gateway_id": "",
                "vpc_endpoint_id": "",
                "vpc_peering_connection_id": ""
              }
            ],
            "tags": {
              "Name": "Nessus Public Route Table"
            },
            "tags_all": {
              "Name": "Nessus Public Route Table"
            },
            "timeouts": null,
            "vpc_id": "vpc-0715ef24fb2dfe744"
          },
          "sensitive_attributes": [],
          "private": "eyJlMmJmYjczMC1lY2FhLTExZTYtOGY4OC0zNDM2M2JjN2M0YzAiOnsiY3JlYXRlIjozMDAwMDAwMDAwMDAsImRlbGV0ZSI6MzAwMDAwMDAwMDAwLCJ1cGRhdGUiOjEyMDAwMDAwMDAwMH19",
          "dependencies": [
            "aws_internet_gateway.main",
            "aws_vpc.main"
          ]
        }
      ]
    },
    {
      "mode": "managed",
      "type": "aws_route_table",
      "name": "public-rt",
      "provider": "provider[\"registry.terraform.io/hashicorp/aws\"]",
      "instances": [
        {
          "schema_version": 0,
          "attributes": {
            "arn": "arn:aws:ec2:us-east-1:140403179008:route-table/rtb-082889d9dfd77bcc1",
            "id": "rtb-082889d9dfd77bcc1",
            "owner_id": "140403179008",
            "propagating_vgws": [],
            "route": [
              {
                "carrier_gateway_id": "",
                "cidr_block": "0.0.0.0/0",
                "destination_prefix_list_id": "",
                "egress_only_gateway_id": "",
                "gateway_id": "igw-065ba2629525eb32c",
                "instance_id": "",
                "ipv6_cidr_block": "",
                "local_gateway_id": "",
                "nat_gateway_id": "",
                "network_interface_id": "",
                "transit_gateway_id": "",
                "vpc_endpoint_id": "",
                "vpc_peering_connection_id": ""
              }
            ],
            "tags": {
              "Name": "Enrutamiento para Internet Gateway"
            },
            "tags_all": {
              "Name": "Enrutamiento para Internet Gateway"
            },
            "timeouts": null,
            "vpc_id": "vpc-0ba8b3d60793204e3"
          },
          "sensitive_attributes": [],
          "private": "eyJlMmJmYjczMC1lY2FhLTExZTYtOGY4OC0zNDM2M2JjN2M0YzAiOnsiY3JlYXRlIjozMDAwMDAwMDAwMDAsImRlbGV0ZSI6MzAwMDAwMDAwMDAwLCJ1cGRhdGUiOjEyMDAwMDAwMDAwMH19",
          "dependencies": [
            "aws_internet_gateway.igw",
            "aws_vpc.vpc"
          ]
        }
      ]
    },
    {
      "mode": "managed",
      "type": "aws_route_table_association",
      "name": "Nat_Gateway_RT_Association_1",
      "provider": "provider[\"registry.terraform.io/hashicorp/aws\"]",
      "instances": [
        {
          "schema_version": 0,
          "attributes": {
            "gateway_id": "",
            "id": "rtbassoc-005bbc69b4358b623",
            "route_table_id": "rtb-03716a20c694812db",
            "subnet_id": "subnet-0d5b7ce6eb6a17df1"
          },
          "sensitive_attributes": [],
          "private": "bnVsbA==",
          "dependencies": [
            "aws_eip.Nat-Gateway-1",
            "aws_internet_gateway.igw",
            "aws_nat_gateway.NAT_GATEWAY_1",
            "aws_route_table.NAT_Gateway_RT_1",
            "aws_route_table.public-rt",
            "aws_route_table_association.rt-association1",
            "aws_route_table_association.rt-association2",
            "aws_subnet.subnet1",
            "aws_subnet.subnet2",
            "aws_subnet.subnet3",
            "aws_vpc.vpc"
          ]
        }
      ]
    },
    {
      "mode": "managed",
      "type": "aws_route_table_association",
      "name": "Nat_Gateway_RT_Association_2",
      "provider": "provider[\"registry.terraform.io/hashicorp/aws\"]",
      "instances": [
        {
          "schema_version": 0,
          "attributes": {
            "gateway_id": "",
            "id": "rtbassoc-0e11ab5e2f9f0f05c",
            "route_table_id": "rtb-08c2bb0ecf1d22b03",
            "subnet_id": "subnet-073882d249b211adc"
          },
          "sensitive_attributes": [],
          "private": "bnVsbA==",
          "dependencies": [
            "aws_eip.Nat-Gateway-2",
            "aws_internet_gateway.igw",
            "aws_nat_gateway.NAT_GATEWAY_2",
            "aws_route_table.NAT_Gateway_RT_2",
            "aws_route_table.public-rt",
            "aws_route_table_association.rt-association1",
            "aws_route_table_association.rt-association2",
            "aws_subnet.subnet1",
            "aws_subnet.subnet2",
            "aws_subnet.subnet4",
            "aws_vpc.vpc"
          ]
        }
      ]
    },
    {
      "mode": "managed",
      "type": "aws_route_table_association",
      "name": "public",
      "provider": "provider[\"registry.terraform.io/hashicorp/aws\"]",
      "instances": [
        {
          "index_key": 0,
          "schema_version": 0,
          "attributes": {
            "gateway_id": "",
            "id": "rtbassoc-0f67c4d37ae70f741",
            "route_table_id": "rtb-0b2b81989065eac95",
            "subnet_id": "subnet-032d7c84bd5e62e70"
          },
          "sensitive_attributes": [],
          "private": "bnVsbA==",
          "dependencies": [
            "aws_internet_gateway.main",
            "aws_route_table.public",
            "aws_subnet.public",
            "aws_vpc.main",
            "data.aws_availability_zones.available"
          ]
        }
      ]
    },
    {
      "mode": "managed",
      "type": "aws_route_table_association",
      "name": "rt-association1",
      "provider": "provider[\"registry.terraform.io/hashicorp/aws\"]",
      "instances": [
        {
          "schema_version": 0,
          "attributes": {
            "gateway_id": "",
            "id": "rtbassoc-0a21a0e55731f6215",
            "route_table_id": "rtb-082889d9dfd77bcc1",
            "subnet_id": "subnet-01ef66c8fa107653c"
          },
          "sensitive_attributes": [],
          "private": "bnVsbA==",
          "dependencies": [
            "aws_internet_gateway.igw",
            "aws_route_table.public-rt",
            "aws_subnet.subnet1",
            "aws_vpc.vpc"
          ]
        }
      ]
    },
    {
      "mode": "managed",
      "type": "aws_route_table_association",
      "name": "rt-association2",
      "provider": "provider[\"registry.terraform.io/hashicorp/aws\"]",
      "instances": [
        {
          "schema_version": 0,
          "attributes": {
            "gateway_id": "",
            "id": "rtbassoc-0fb7b06112923f3e8",
            "route_table_id": "rtb-082889d9dfd77bcc1",
            "subnet_id": "subnet-0a990227112aec439"
          },
          "sensitive_attributes": [],
          "private": "bnVsbA==",
          "dependencies": [
            "aws_internet_gateway.igw",
            "aws_route_table.public-rt",
            "aws_subnet.subnet2",
            "aws_vpc.vpc"
          ]
        }
      ]
    },
    {
      "mode": "managed",
      "type": "aws_s3_bucket",
      "name": "config_logs",
      "provider": "provider[\"registry.terraform.io/hashicorp/aws\"]",
      "instances": [
        {
          "schema_version": 0,
          "attributes": {
            "acceleration_status": "",
            "acl": "private",
            "arn": "arn:aws:s3:::config-logs-us-east-1-06ce7566",
            "bucket": "config-logs-us-east-1-06ce7566",
            "bucket_domain_name": "config-logs-us-east-1-06ce7566.s3.amazonaws.com",
            "bucket_prefix": null,
            "bucket_regional_domain_name": "config-logs-us-east-1-06ce7566.s3.amazonaws.com",
            "cors_rule": [],
            "force_destroy": true,
            "grant": [],
            "hosted_zone_id": "Z3AQBSTGFYJSTF",
            "id": "config-logs-us-east-1-06ce7566",
            "lifecycle_rule": [],
            "logging": [],
            "object_lock_configuration": [],
            "object_lock_enabled": false,
            "policy": null,
            "region": "us-east-1",
            "replication_configuration": [],
            "request_payer": "BucketOwner",
            "server_side_encryption_configuration": [
              {
                "rule": [
                  {
                    "apply_server_side_encryption_by_default": [
                      {
                        "kms_master_key_id": "",
                        "sse_algorithm": "AES256"
                      }
                    ],
                    "bucket_key_enabled": false
                  }
                ]
              }
            ],
            "tags": null,
            "tags_all": {},
            "versioning": [
              {
                "enabled": false,
                "mfa_delete": false
              }
            ],
            "website": [],
            "website_domain": null,
            "website_endpoint": null
          },
          "sensitive_attributes": [],
          "private": "bnVsbA==",
          "dependencies": [
            "random_id.bucket_id"
          ]
        }
      ]
    },
    {
      "mode": "managed",
      "type": "aws_s3_bucket_policy",
      "name": "config_logs_policy",
      "provider": "provider[\"registry.terraform.io/hashicorp/aws\"]",
      "instances": [
        {
          "schema_version": 0,
          "attributes": {
            "bucket": "config-logs-us-east-1-06ce7566",
            "id": "config-logs-us-east-1-06ce7566",
            "policy": "{\n  \"Version\": \"2012-10-17\",\n  \"Statement\": [\n    {\n      \"Sid\": \"AWSConfigBucketPermissionsCheck\",\n      \"Effect\": \"Allow\",\n      \"Action\": \"s3:GetBucketAcl\",\n      \"Resource\": \"arn:aws:s3:::config-logs-us-east-1-06ce7566\",\n      \"Principal\": {\n        \"Service\": \"config.amazonaws.com\"\n      }\n    },\n    {\n      \"Sid\": \"AWSConfigBucketDelivery\",\n      \"Effect\": \"Allow\",\n      \"Action\": \"s3:PutObject\",\n      \"Resource\": \"arn:aws:s3:::config-logs-us-east-1-06ce7566/*\",\n      \"Principal\": {\n        \"Service\": \"config.amazonaws.com\"\n      },\n      \"Condition\": {\n        \"StringEquals\": {\n          \"s3:x-amz-acl\": \"bucket-owner-full-control\"\n        }\n      }\n    }\n  ]\n}"
          },
          "sensitive_attributes": [],
          "private": "bnVsbA==",
          "dependencies": [
            "aws_s3_bucket.config_logs",
            "data.aws_iam_policy_document.config_logs_policy",
            "random_id.bucket_id"
          ]
        }
      ]
    },
    {
      "mode": "managed",
      "type": "aws_security_group",
      "name": "balanceo",
      "provider": "provider[\"registry.terraform.io/hashicorp/aws\"]",
      "instances": [
        {
          "schema_version": 1,
          "attributes": {
            "arn": "arn:aws:ec2:us-east-1:140403179008:security-group/sg-0760ed4c5c098f73a",
            "description": "Managed by Terraform",
            "egress": [
              {
                "cidr_blocks": [
                  "0.0.0.0/0"
                ],
                "description": "",
                "from_port": 0,
                "ipv6_cidr_blocks": [],
                "prefix_list_ids": [],
                "protocol": "-1",
                "security_groups": [],
                "self": false,
                "to_port": 0
              }
            ],
            "id": "sg-0760ed4c5c098f73a",
            "ingress": [
              {
                "cidr_blocks": [
                  "0.0.0.0/0"
                ],
                "description": "HTTP",
                "from_port": 80,
                "ipv6_cidr_blocks": [],
                "prefix_list_ids": [],
                "protocol": "tcp",
                "security_groups": [],
                "self": false,
                "to_port": 80
              },
              {
                "cidr_blocks": [
                  "0.0.0.0/0"
                ],
                "description": "HTTPS",
                "from_port": 443,
                "ipv6_cidr_blocks": [],
                "prefix_list_ids": [],
                "protocol": "tcp",
                "security_groups": [],
                "self": false,
                "to_port": 443
              }
            ],
            "name": "terraform-20250520155436926900000001",
            "name_prefix": "terraform-",
            "owner_id": "140403179008",
            "revoke_rules_on_delete": false,
            "tags": {
              "Name": "Balanceo de carga"
            },
            "tags_all": {
              "Name": "Balanceo de carga"
            },
            "timeouts": null,
            "vpc_id": "vpc-0ba8b3d60793204e3"
          },
          "sensitive_attributes": [],
          "private": "eyJlMmJmYjczMC1lY2FhLTExZTYtOGY4OC0zNDM2M2JjN2M0YzAiOnsiY3JlYXRlIjo2MDAwMDAwMDAwMDAsImRlbGV0ZSI6OTAwMDAwMDAwMDAwfSwic2NoZW1hX3ZlcnNpb24iOiIxIn0=",
          "dependencies": [
            "aws_vpc.vpc"
          ]
        }
      ]
    },
    {
      "mode": "managed",
      "type": "aws_security_group",
      "name": "bastion",
      "provider": "provider[\"registry.terraform.io/hashicorp/aws\"]",
      "instances": [
        {
          "schema_version": 1,
          "attributes": {
            "arn": "arn:aws:ec2:us-east-1:140403179008:security-group/sg-0930870d872317574",
            "description": "Managed by Terraform",
            "egress": [
              {
                "cidr_blocks": [
                  "0.0.0.0/0"
                ],
                "description": "",
                "from_port": 0,
                "ipv6_cidr_blocks": [],
                "prefix_list_ids": [],
                "protocol": "-1",
                "security_groups": [],
                "self": false,
                "to_port": 0
              }
            ],
            "id": "sg-0930870d872317574",
            "ingress": [
              {
                "cidr_blocks": [
                  "0.0.0.0/0"
                ],
                "description": "Allow all traffic (for demo purposes)",
                "from_port": 0,
                "ipv6_cidr_blocks": [],
                "prefix_list_ids": [],
                "protocol": "-1",
                "security_groups": [],
                "self": false,
                "to_port": 0
              }
            ],
            "name": "terraform-20250520155436933500000002",
            "name_prefix": "terraform-",
            "owner_id": "140403179008",
            "revoke_rules_on_delete": false,
            "tags": {
              "Name": "Bastion - allow all traffic"
            },
            "tags_all": {
              "Name": "Bastion - allow all traffic"
            },
            "timeouts": null,
            "vpc_id": "vpc-0ba8b3d60793204e3"
          },
          "sensitive_attributes": [],
          "private": "eyJlMmJmYjczMC1lY2FhLTExZTYtOGY4OC0zNDM2M2JjN2M0YzAiOnsiY3JlYXRlIjo2MDAwMDAwMDAwMDAsImRlbGV0ZSI6OTAwMDAwMDAwMDAwfSwic2NoZW1hX3ZlcnNpb24iOiIxIn0=",
          "dependencies": [
            "aws_vpc.vpc"
          ]
        }
      ]
    },
    {
      "mode": "managed",
      "type": "aws_security_group",
      "name": "nessus",
      "provider": "provider[\"registry.terraform.io/hashicorp/aws\"]",
      "instances": [
        {
          "schema_version": 1,
          "attributes": {
            "arn": "arn:aws:ec2:us-east-1:140403179008:security-group/sg-02abe4c5a991870b1",
            "description": "Security group for Nessus Essentials",
            "egress": [
              {
                "cidr_blocks": [
                  "0.0.0.0/0"
                ],
                "description": "Allow all outbound traffic",
                "from_port": 0,
                "ipv6_cidr_blocks": [],
                "prefix_list_ids": [],
                "protocol": "-1",
                "security_groups": [],
                "self": false,
                "to_port": 0
              }
            ],
            "id": "sg-02abe4c5a991870b1",
            "ingress": [
              {
                "cidr_blocks": [
                  "0.0.0.0/0"
                ],
                "description": "Nessus web interface",
                "from_port": 8834,
                "ipv6_cidr_blocks": [],
                "prefix_list_ids": [],
                "protocol": "tcp",
                "security_groups": [],
                "self": false,
                "to_port": 8834
              },
              {
                "cidr_blocks": [
                  "0.0.0.0/0"
                ],
                "description": "SSH access",
                "from_port": 22,
                "ipv6_cidr_blocks": [],
                "prefix_list_ids": [],
                "protocol": "tcp",
                "security_groups": [],
                "self": false,
                "to_port": 22
              }
            ],
            "name": "nessus-sg",
            "name_prefix": "",
            "owner_id": "140403179008",
            "revoke_rules_on_delete": false,
            "tags": {
              "Name": "nessus-sg"
            },
            "tags_all": {
              "Name": "nessus-sg"
            },
            "timeouts": null,
            "vpc_id": "vpc-0715ef24fb2dfe744"
          },
          "sensitive_attributes": [],
          "private": "eyJlMmJmYjczMC1lY2FhLTExZTYtOGY4OC0zNDM2M2JjN2M0YzAiOnsiY3JlYXRlIjo2MDAwMDAwMDAwMDAsImRlbGV0ZSI6OTAwMDAwMDAwMDAwfSwic2NoZW1hX3ZlcnNpb24iOiIxIn0=",
          "dependencies": [
            "aws_vpc.main"
          ]
        }
      ]
    },
    {
      "mode": "managed",
      "type": "aws_security_group",
      "name": "rds",
      "provider": "provider[\"registry.terraform.io/hashicorp/aws\"]",
      "instances": [
        {
          "schema_version": 1,
          "attributes": {
            "arn": "arn:aws:ec2:us-east-1:140403179008:security-group/sg-0169617088abed561",
            "description": "Managed by Terraform",
            "egress": [
              {
                "cidr_blocks": [
                  "0.0.0.0/0"
                ],
                "description": "",
                "from_port": 0,
                "ipv6_cidr_blocks": [],
                "prefix_list_ids": [],
                "protocol": "-1",
                "security_groups": [],
                "self": false,
                "to_port": 0
              }
            ],
            "id": "sg-0169617088abed561",
            "ingress": [
              {
                "cidr_blocks": [],
                "description": "MySQL desde WordPress",
                "from_port": 3306,
                "ipv6_cidr_blocks": [],
                "prefix_list_ids": [],
                "protocol": "tcp",
                "security_groups": [
                  "sg-06615bf2f74c64161"
                ],
                "self": false,
                "to_port": 3306
              }
            ],
            "name": "terraform-20250520155449872600000004",
            "name_prefix": "terraform-",
            "owner_id": "140403179008",
            "revoke_rules_on_delete": false,
            "tags": {
              "Name": "RDS - solo acceso desde WordPress"
            },
            "tags_all": {
              "Name": "RDS - solo acceso desde WordPress"
            },
            "timeouts": null,
            "vpc_id": "vpc-0ba8b3d60793204e3"
          },
          "sensitive_attributes": [],
          "private": "eyJlMmJmYjczMC1lY2FhLTExZTYtOGY4OC0zNDM2M2JjN2M0YzAiOnsiY3JlYXRlIjo2MDAwMDAwMDAwMDAsImRlbGV0ZSI6OTAwMDAwMDAwMDAwfSwic2NoZW1hX3ZlcnNpb24iOiIxIn0=",
          "dependencies": [
            "aws_security_group.bastion",
            "aws_security_group.wordpress",
            "aws_vpc.vpc"
          ]
        }
      ]
    },
    {
      "mode": "managed",
      "type": "aws_security_group",
      "name": "wazuh",
      "provider": "provider[\"registry.terraform.io/hashicorp/aws\"]",
      "instances": [
        {
          "schema_version": 1,
          "attributes": {
            "arn": "arn:aws:ec2:us-east-1:140403179008:security-group/sg-0b43b3150a7dee433",
            "description": "Security group for Wazuh server",
            "egress": [
              {
                "cidr_blocks": [
                  "0.0.0.0/0"
                ],
                "description": "",
                "from_port": 0,
                "ipv6_cidr_blocks": [],
                "prefix_list_ids": [],
                "protocol": "-1",
                "security_groups": [],
                "self": false,
                "to_port": 0
              }
            ],
            "id": "sg-0b43b3150a7dee433",
            "ingress": [
              {
                "cidr_blocks": [
                  "0.0.0.0/0"
                ],
                "description": "",
                "from_port": 1514,
                "ipv6_cidr_blocks": [],
                "prefix_list_ids": [],
                "protocol": "tcp",
                "security_groups": [],
                "self": false,
                "to_port": 1514
              },
              {
                "cidr_blocks": [
                  "0.0.0.0/0"
                ],
                "description": "",
                "from_port": 1515,
                "ipv6_cidr_blocks": [],
                "prefix_list_ids": [],
                "protocol": "tcp",
                "security_groups": [],
                "self": false,
                "to_port": 1515
              },
              {
                "cidr_blocks": [
                  "0.0.0.0/0"
                ],
                "description": "",
                "from_port": 22,
                "ipv6_cidr_blocks": [],
                "prefix_list_ids": [],
                "protocol": "tcp",
                "security_groups": [],
                "self": false,
                "to_port": 22
              },
              {
                "cidr_blocks": [
                  "0.0.0.0/0"
                ],
                "description": "",
                "from_port": 5601,
                "ipv6_cidr_blocks": [],
                "prefix_list_ids": [],
                "protocol": "tcp",
                "security_groups": [],
                "self": false,
                "to_port": 5601
              },
              {
                "cidr_blocks": [
                  "10.0.0.0/8"
                ],
                "description": "",
                "from_port": 55000,
                "ipv6_cidr_blocks": [],
                "prefix_list_ids": [],
                "protocol": "tcp",
                "security_groups": [],
                "self": false,
                "to_port": 55000
              }
            ],
            "name": "wazuh-sg",
            "name_prefix": "",
            "owner_id": "140403179008",
            "revoke_rules_on_delete": false,
            "tags": {
              "Name": "wazuh-sg"
            },
            "tags_all": {
              "Name": "wazuh-sg"
            },
            "timeouts": null,
            "vpc_id": "vpc-0ba8b3d60793204e3"
          },
          "sensitive_attributes": [],
          "private": "eyJlMmJmYjczMC1lY2FhLTExZTYtOGY4OC0zNDM2M2JjN2M0YzAiOnsiY3JlYXRlIjo2MDAwMDAwMDAwMDAsImRlbGV0ZSI6OTAwMDAwMDAwMDAwfSwic2NoZW1hX3ZlcnNpb24iOiIxIn0=",
          "dependencies": [
            "aws_vpc.vpc"
          ]
        }
      ]
    },
    {
      "mode": "managed",
      "type": "aws_security_group",
      "name": "wordpress",
      "provider": "provider[\"registry.terraform.io/hashicorp/aws\"]",
      "instances": [
        {
          "schema_version": 1,
          "attributes": {
            "arn": "arn:aws:ec2:us-east-1:140403179008:security-group/sg-06615bf2f74c64161",
            "description": "Managed by Terraform",
            "egress": [
              {
                "cidr_blocks": [
                  "0.0.0.0/0"
                ],
                "description": "",
                "from_port": 0,
                "ipv6_cidr_blocks": [],
                "prefix_list_ids": [],
                "protocol": "-1",
                "security_groups": [],
                "self": false,
                "to_port": 0
              }
            ],
            "id": "sg-06615bf2f74c64161",
            "ingress": [
              {
                "cidr_blocks": [
                  "0.0.0.0/0"
                ],
                "description": "HTTP",
                "from_port": 80,
                "ipv6_cidr_blocks": [],
                "prefix_list_ids": [],
                "protocol": "tcp",
                "security_groups": [],
                "self": false,
                "to_port": 80
              },
              {
                "cidr_blocks": [
                  "0.0.0.0/0"
                ],
                "description": "HTTPS",
                "from_port": 443,
                "ipv6_cidr_blocks": [],
                "prefix_list_ids": [],
                "protocol": "tcp",
                "security_groups": [],
                "self": false,
                "to_port": 443
              },
              {
                "cidr_blocks": [],
                "description": "SSH desde Bastion",
                "from_port": 22,
                "ipv6_cidr_blocks": [],
                "prefix_list_ids": [],
                "protocol": "tcp",
                "security_groups": [
                  "sg-0930870d872317574"
                ],
                "self": false,
                "to_port": 22
              }
            ],
            "name": "terraform-20250520155443455100000003",
            "name_prefix": "terraform-",
            "owner_id": "140403179008",
            "revoke_rules_on_delete": false,
            "tags": {
              "Name": "WordPress - HTTP, HTTPS, SSH desde Bastion"
            },
            "tags_all": {
              "Name": "WordPress - HTTP, HTTPS, SSH desde Bastion"
            },
            "timeouts": null,
            "vpc_id": "vpc-0ba8b3d60793204e3"
          },
          "sensitive_attributes": [],
          "private": "eyJlMmJmYjczMC1lY2FhLTExZTYtOGY4OC0zNDM2M2JjN2M0YzAiOnsiY3JlYXRlIjo2MDAwMDAwMDAwMDAsImRlbGV0ZSI6OTAwMDAwMDAwMDAwfSwic2NoZW1hX3ZlcnNpb24iOiIxIn0=",
          "dependencies": [
            "aws_security_group.bastion",
            "aws_vpc.vpc"
          ]
        }
      ]
    },
    {
      "mode": "managed",
      "type": "aws_subnet",
      "name": "public",
      "provider": "provider[\"registry.terraform.io/hashicorp/aws\"]",
      "instances": [
        {
          "index_key": 0,
          "schema_version": 1,
          "attributes": {
            "arn": "arn:aws:ec2:us-east-1:140403179008:subnet/subnet-032d7c84bd5e62e70",
            "assign_ipv6_address_on_creation": false,
            "availability_zone": "us-east-1a",
            "availability_zone_id": "use1-az6",
            "cidr_block": "10.0.1.0/24",
            "customer_owned_ipv4_pool": "",
            "enable_dns64": false,
            "enable_resource_name_dns_a_record_on_launch": false,
            "enable_resource_name_dns_aaaa_record_on_launch": false,
            "id": "subnet-032d7c84bd5e62e70",
            "ipv6_cidr_block": "",
            "ipv6_cidr_block_association_id": "",
            "ipv6_native": false,
            "map_customer_owned_ip_on_launch": false,
            "map_public_ip_on_launch": true,
            "outpost_arn": "",
            "owner_id": "140403179008",
            "private_dns_hostname_type_on_launch": "ip-name",
            "tags": {
              "Name": "Nessus Public Subnet"
            },
            "tags_all": {
              "Name": "Nessus Public Subnet"
            },
            "timeouts": null,
            "vpc_id": "vpc-0715ef24fb2dfe744"
          },
          "sensitive_attributes": [],
          "private": "eyJlMmJmYjczMC1lY2FhLTExZTYtOGY4OC0zNDM2M2JjN2M0YzAiOnsiY3JlYXRlIjo2MDAwMDAwMDAwMDAsImRlbGV0ZSI6MTIwMDAwMDAwMDAwMH0sInNjaGVtYV92ZXJzaW9uIjoiMSJ9",
          "dependencies": [
            "aws_vpc.main",
            "data.aws_availability_zones.available"
          ]
        }
      ]
    },
    {
      "mode": "managed",
      "type": "aws_subnet",
      "name": "subnet1",
      "provider": "provider[\"registry.terraform.io/hashicorp/aws\"]",
      "instances": [
        {
          "schema_version": 1,
          "attributes": {
            "arn": "arn:aws:ec2:us-east-1:140403179008:subnet/subnet-01ef66c8fa107653c",
            "assign_ipv6_address_on_creation": false,
            "availability_zone": "us-east-1a",
            "availability_zone_id": "use1-az6",
            "cidr_block": "30.0.1.0/24",
            "customer_owned_ipv4_pool": "",
            "enable_dns64": false,
            "enable_resource_name_dns_a_record_on_launch": false,
            "enable_resource_name_dns_aaaa_record_on_launch": false,
            "id": "subnet-01ef66c8fa107653c",
            "ipv6_cidr_block": "",
            "ipv6_cidr_block_association_id": "",
            "ipv6_native": false,
            "map_customer_owned_ip_on_launch": false,
            "map_public_ip_on_launch": true,
            "outpost_arn": "",
            "owner_id": "140403179008",
            "private_dns_hostname_type_on_launch": "ip-name",
            "tags": {
              "Name": "Subnet-Bastion-1"
            },
            "tags_all": {
              "Name": "Subnet-Bastion-1"
            },
            "timeouts": null,
            "vpc_id": "vpc-0ba8b3d60793204e3"
          },
          "sensitive_attributes": [],
          "private": "eyJlMmJmYjczMC1lY2FhLTExZTYtOGY4OC0zNDM2M2JjN2M0YzAiOnsiY3JlYXRlIjo2MDAwMDAwMDAwMDAsImRlbGV0ZSI6MTIwMDAwMDAwMDAwMH0sInNjaGVtYV92ZXJzaW9uIjoiMSJ9",
          "dependencies": [
            "aws_vpc.vpc"
          ]
        }
      ]
    },
    {
      "mode": "managed",
      "type": "aws_subnet",
      "name": "subnet2",
      "provider": "provider[\"registry.terraform.io/hashicorp/aws\"]",
      "instances": [
        {
          "schema_version": 1,
          "attributes": {
            "arn": "arn:aws:ec2:us-east-1:140403179008:subnet/subnet-0a990227112aec439",
            "assign_ipv6_address_on_creation": false,
            "availability_zone": "us-east-1b",
            "availability_zone_id": "use1-az1",
            "cidr_block": "30.0.2.0/24",
            "customer_owned_ipv4_pool": "",
            "enable_dns64": false,
            "enable_resource_name_dns_a_record_on_launch": false,
            "enable_resource_name_dns_aaaa_record_on_launch": false,
            "id": "subnet-0a990227112aec439",
            "ipv6_cidr_block": "",
            "ipv6_cidr_block_association_id": "",
            "ipv6_native": false,
            "map_customer_owned_ip_on_launch": false,
            "map_public_ip_on_launch": true,
            "outpost_arn": "",
            "owner_id": "140403179008",
            "private_dns_hostname_type_on_launch": "ip-name",
            "tags": {
              "Name": "Subnet-Bastion-2"
            },
            "tags_all": {
              "Name": "Subnet-Bastion-2"
            },
            "timeouts": null,
            "vpc_id": "vpc-0ba8b3d60793204e3"
          },
          "sensitive_attributes": [],
          "private": "eyJlMmJmYjczMC1lY2FhLTExZTYtOGY4OC0zNDM2M2JjN2M0YzAiOnsiY3JlYXRlIjo2MDAwMDAwMDAwMDAsImRlbGV0ZSI6MTIwMDAwMDAwMDAwMH0sInNjaGVtYV92ZXJzaW9uIjoiMSJ9",
          "dependencies": [
            "aws_vpc.vpc"
          ]
        }
      ]
    },
    {
      "mode": "managed",
      "type": "aws_subnet",
      "name": "subnet3",
      "provider": "provider[\"registry.terraform.io/hashicorp/aws\"]",
      "instances": [
        {
          "schema_version": 1,
          "attributes": {
            "arn": "arn:aws:ec2:us-east-1:140403179008:subnet/subnet-0d5b7ce6eb6a17df1",
            "assign_ipv6_address_on_creation": false,
            "availability_zone": "us-east-1a",
            "availability_zone_id": "use1-az6",
            "cidr_block": "30.0.3.0/24",
            "customer_owned_ipv4_pool": "",
            "enable_dns64": false,
            "enable_resource_name_dns_a_record_on_launch": false,
            "enable_resource_name_dns_aaaa_record_on_launch": false,
            "id": "subnet-0d5b7ce6eb6a17df1",
            "ipv6_cidr_block": "",
            "ipv6_cidr_block_association_id": "",
            "ipv6_native": false,
            "map_customer_owned_ip_on_launch": false,
            "map_public_ip_on_launch": false,
            "outpost_arn": "",
            "owner_id": "140403179008",
            "private_dns_hostname_type_on_launch": "ip-name",
            "tags": {
              "Name": "Subnet-Wordpress-1"
            },
            "tags_all": {
              "Name": "Subnet-Wordpress-1"
            },
            "timeouts": null,
            "vpc_id": "vpc-0ba8b3d60793204e3"
          },
          "sensitive_attributes": [],
          "private": "eyJlMmJmYjczMC1lY2FhLTExZTYtOGY4OC0zNDM2M2JjN2M0YzAiOnsiY3JlYXRlIjo2MDAwMDAwMDAwMDAsImRlbGV0ZSI6MTIwMDAwMDAwMDAwMH0sInNjaGVtYV92ZXJzaW9uIjoiMSJ9",
          "dependencies": [
            "aws_vpc.vpc"
          ]
        }
      ]
    },
    {
      "mode": "managed",
      "type": "aws_subnet",
      "name": "subnet4",
      "provider": "provider[\"registry.terraform.io/hashicorp/aws\"]",
      "instances": [
        {
          "schema_version": 1,
          "attributes": {
            "arn": "arn:aws:ec2:us-east-1:140403179008:subnet/subnet-073882d249b211adc",
            "assign_ipv6_address_on_creation": false,
            "availability_zone": "us-east-1b",
            "availability_zone_id": "use1-az1",
            "cidr_block": "30.0.4.0/24",
            "customer_owned_ipv4_pool": "",
            "enable_dns64": false,
            "enable_resource_name_dns_a_record_on_launch": false,
            "enable_resource_name_dns_aaaa_record_on_launch": false,
            "id": "subnet-073882d249b211adc",
            "ipv6_cidr_block": "",
            "ipv6_cidr_block_association_id": "",
            "ipv6_native": false,
            "map_customer_owned_ip_on_launch": false,
            "map_public_ip_on_launch": false,
            "outpost_arn": "",
            "owner_id": "140403179008",
            "private_dns_hostname_type_on_launch": "ip-name",
            "tags": {
              "Name": "Subnet-Wordpress-2"
            },
            "tags_all": {
              "Name": "Subnet-Wordpress-2"
            },
            "timeouts": null,
            "vpc_id": "vpc-0ba8b3d60793204e3"
          },
          "sensitive_attributes": [],
          "private": "eyJlMmJmYjczMC1lY2FhLTExZTYtOGY4OC0zNDM2M2JjN2M0YzAiOnsiY3JlYXRlIjo2MDAwMDAwMDAwMDAsImRlbGV0ZSI6MTIwMDAwMDAwMDAwMH0sInNjaGVtYV92ZXJzaW9uIjoiMSJ9",
          "dependencies": [
            "aws_vpc.vpc"
          ]
        }
      ]
    },
    {
      "mode": "managed",
      "type": "aws_subnet",
      "name": "subnet5",
      "provider": "provider[\"registry.terraform.io/hashicorp/aws\"]",
      "instances": [
        {
          "schema_version": 1,
          "attributes": {
            "arn": "arn:aws:ec2:us-east-1:140403179008:subnet/subnet-0e1e6d0589f94db7f",
            "assign_ipv6_address_on_creation": false,
            "availability_zone": "us-east-1a",
            "availability_zone_id": "use1-az6",
            "cidr_block": "30.0.5.0/24",
            "customer_owned_ipv4_pool": "",
            "enable_dns64": false,
            "enable_resource_name_dns_a_record_on_launch": false,
            "enable_resource_name_dns_aaaa_record_on_launch": false,
            "id": "subnet-0e1e6d0589f94db7f",
            "ipv6_cidr_block": "",
            "ipv6_cidr_block_association_id": "",
            "ipv6_native": false,
            "map_customer_owned_ip_on_launch": false,
            "map_public_ip_on_launch": false,
            "outpost_arn": "",
            "owner_id": "140403179008",
            "private_dns_hostname_type_on_launch": "ip-name",
            "tags": {
              "Name": "Subnet-RDS-1"
            },
            "tags_all": {
              "Name": "Subnet-RDS-1"
            },
            "timeouts": null,
            "vpc_id": "vpc-0ba8b3d60793204e3"
          },
          "sensitive_attributes": [],
          "private": "eyJlMmJmYjczMC1lY2FhLTExZTYtOGY4OC0zNDM2M2JjN2M0YzAiOnsiY3JlYXRlIjo2MDAwMDAwMDAwMDAsImRlbGV0ZSI6MTIwMDAwMDAwMDAwMH0sInNjaGVtYV92ZXJzaW9uIjoiMSJ9",
          "dependencies": [
            "aws_vpc.vpc"
          ]
        }
      ]
    },
    {
      "mode": "managed",
      "type": "aws_subnet",
      "name": "subnet6",
      "provider": "provider[\"registry.terraform.io/hashicorp/aws\"]",
      "instances": [
        {
          "schema_version": 1,
          "attributes": {
            "arn": "arn:aws:ec2:us-east-1:140403179008:subnet/subnet-0d8dbef6da3cac98c",
            "assign_ipv6_address_on_creation": false,
            "availability_zone": "us-east-1b",
            "availability_zone_id": "use1-az1",
            "cidr_block": "30.0.6.0/24",
            "customer_owned_ipv4_pool": "",
            "enable_dns64": false,
            "enable_resource_name_dns_a_record_on_launch": false,
            "enable_resource_name_dns_aaaa_record_on_launch": false,
            "id": "subnet-0d8dbef6da3cac98c",
            "ipv6_cidr_block": "",
            "ipv6_cidr_block_association_id": "",
            "ipv6_native": false,
            "map_customer_owned_ip_on_launch": false,
            "map_public_ip_on_launch": false,
            "outpost_arn": "",
            "owner_id": "140403179008",
            "private_dns_hostname_type_on_launch": "ip-name",
            "tags": {
              "Name": "Subnet-RDS-2"
            },
            "tags_all": {
              "Name": "Subnet-RDS-2"
            },
            "timeouts": null,
            "vpc_id": "vpc-0ba8b3d60793204e3"
          },
          "sensitive_attributes": [],
          "private": "eyJlMmJmYjczMC1lY2FhLTExZTYtOGY4OC0zNDM2M2JjN2M0YzAiOnsiY3JlYXRlIjo2MDAwMDAwMDAwMDAsImRlbGV0ZSI6MTIwMDAwMDAwMDAwMH0sInNjaGVtYV92ZXJzaW9uIjoiMSJ9",
          "dependencies": [
            "aws_vpc.vpc"
          ]
        }
      ]
    },
    {
      "mode": "managed",
      "type": "aws_vpc",
      "name": "main",
      "provider": "provider[\"registry.terraform.io/hashicorp/aws\"]",
      "instances": [
        {
          "schema_version": 1,
          "attributes": {
            "arn": "arn:aws:ec2:us-east-1:140403179008:vpc/vpc-0715ef24fb2dfe744",
            "assign_generated_ipv6_cidr_block": false,
            "cidr_block": "10.0.0.0/16",
            "default_network_acl_id": "acl-098d1691e8ccfd2f6",
            "default_route_table_id": "rtb-0a53b0722706b888c",
            "default_security_group_id": "sg-0761b0cb0df2130b1",
            "dhcp_options_id": "dopt-0a58268783b6491cb",
            "enable_classiclink": false,
            "enable_classiclink_dns_support": false,
            "enable_dns_hostnames": true,
            "enable_dns_support": true,
            "id": "vpc-0715ef24fb2dfe744",
            "instance_tenancy": "default",
            "ipv4_ipam_pool_id": null,
            "ipv4_netmask_length": null,
            "ipv6_association_id": "",
            "ipv6_cidr_block": "",
            "ipv6_cidr_block_network_border_group": "",
            "ipv6_ipam_pool_id": "",
            "ipv6_netmask_length": 0,
            "main_route_table_id": "rtb-0a53b0722706b888c",
            "owner_id": "140403179008",
            "tags": {
              "Name": "Nessus VPC"
            },
            "tags_all": {
              "Name": "Nessus VPC"
            }
          },
          "sensitive_attributes": [],
          "private": "eyJzY2hlbWFfdmVyc2lvbiI6IjEifQ=="
        }
      ]
    },
    {
      "mode": "managed",
      "type": "aws_vpc",
      "name": "vpc",
      "provider": "provider[\"registry.terraform.io/hashicorp/aws\"]",
      "instances": [
        {
          "schema_version": 1,
          "attributes": {
            "arn": "arn:aws:ec2:us-east-1:140403179008:vpc/vpc-0ba8b3d60793204e3",
            "assign_generated_ipv6_cidr_block": false,
            "cidr_block": "30.0.0.0/16",
            "default_network_acl_id": "acl-03a9b38e3a348c2e6",
            "default_route_table_id": "rtb-06bfe062df41085bd",
            "default_security_group_id": "sg-0d6bfc8f89929c2c5",
            "dhcp_options_id": "dopt-0a58268783b6491cb",
            "enable_classiclink": false,
            "enable_classiclink_dns_support": false,
            "enable_dns_hostnames": true,
            "enable_dns_support": true,
            "id": "vpc-0ba8b3d60793204e3",
            "instance_tenancy": "default",
            "ipv4_ipam_pool_id": null,
            "ipv4_netmask_length": null,
            "ipv6_association_id": "",
            "ipv6_cidr_block": "",
            "ipv6_cidr_block_network_border_group": "",
            "ipv6_ipam_pool_id": "",
            "ipv6_netmask_length": 0,
            "main_route_table_id": "rtb-06bfe062df41085bd",
            "owner_id": "140403179008",
            "tags": {
              "Name": "VPC"
            },
            "tags_all": {
              "Name": "VPC"
            }
          },
          "sensitive_attributes": [],
          "private": "eyJzY2hlbWFfdmVyc2lvbiI6IjEifQ=="
        }
      ]
    },
    {
      "mode": "managed",
      "type": "local_file",
      "name": "private_key",
      "provider": "provider[\"registry.terraform.io/hashicorp/local\"]",
      "instances": [
        {
          "schema_version": 0,
          "attributes": {
            "content": "-----BEGIN RSA PRIVATE KEY-----\nMIIEpQIBAAKCAQEAzvtqBjU7ZCQ+F9jBpJ98WzmMFdyACXMHThvQWqzANGhlsQYD\nrx+wL7cbMA5LmmL+niXsNXTPvB+v4BjSP8lTT50R9W7ChhbhErPvc/c9yQ7/ublv\n/MPw7b7bemIz/8hO8lmyxE05s0fWyO6tk4A8E3P/T4lquTJfAwIMiYkeJvNm+E1J\ncOTWg7KgnxV7YXuON+WPNITpGb+SGb+3cs70dMuqKkkC093X+QYvghWDSFRPS+jE\nSayxMvD/vATsrsMm+KWsUnyh3CgAZ7ZSFPMBZl41VxDKRSoGb4UEZHr4JRUG3KQJ\nfefCiGJ/flFdSYmCOzVSUOeklM7KP/KZoH622QIDAQABAoIBABWAjEnjT01ur22q\nRKmdsN1IO+uMedehdcWRQaKd1iTLoJ7UhV70v4ihcMdcANIjzRgwT9rYzPjZ4Ns6\nsOLT/x3i7xnsXPRxnYWkIDDPo0FHF91bLI1ZbKbCIEpVN9ovXLY0B8x5SlB72s4K\nb4lGddc+gmwolifxmem11YgXMMTybd+g0OaRkkR3Cc4pMfzJcd5NOiYIPQMJZogD\nS+w3rg8yLyUOzJHGi92n9t4jSiZU3xaZOUGnYk75Lx8eTsAX/suuwAAyziQ04HsZ\nhVTmjAcQAoDOk4AH0hmXfRNDZAOjELHOrXaKUYWxE3bktJvxa4GS7HQNGG6nlp/+\nZ7J2PQUCgYEA8tIB6kGaZCRCkWXjsyN/AvQ/1rgBw6Poa+c76Id6aDL7zwbb2Q3v\nNGYjVaWu3tzcdtI/2+CtgfZiyOUObrbH5kX+gS1WGDqQeIihIHieSqPq5KRkrSzi\ntTBA7McytswxZZOuOIWcSSkaO+UMF8WB+7h1cPSwkBA+l62drgdt7bUCgYEA2jdu\n/RsP8fGXqZRIr29s8DIv8gaPkms/4EV0I+qyUyn5DetfyoQ6jQr7bDOv0DFV5P9l\neaGqksN12rRtuMWKDsjfrTXfJd1gpPdmxc9vksyQV1AzWFdfAsHmQs8YlcLsGL/j\nlC3RvLJ7LhBKo5kt2kSnRObNhi11cWjw2KbbuxUCgYEA3nq6lHc9TYnHkE7JvSXF\nxuAh6cs4mpeAafU498nBxt0HyN0g7BQPWnRG5b9jpQC54wiqx/xpHU2xnx34Bkrk\nh0EUeike3B40pquQ7h518i+UFZ/mOqGIqrimlAvDlKcsj0QredA5rPLC/aPUW6d0\nfD27JR6c87JelzzU31IhT40CgYEA0DG5O9TZBq3IVCu8mVzG4/gOFGy8CCc5H0FE\niIwALSZLj0M09mPn9O84Z8h8gja/y6b76usaccH4rHwefv5BNM/j0D8ostiev2Wn\ncSzzN2zifdtv0WYyqM/UX4N04lXBqe9SMurwQ4dJzO4QODwKKkf8Ctnl1pGCjnxf\n5WR1Ge0CgYEA2qxsT+3+0/NZFQwyIoo7lK6HirzquCm0Mk5Anhz9MoFO5mmhfaMc\n30wo+NTELD1fXz5jQVvKFb6iU/2GlDEGX+/kCIQL8cWsHc5J/kollCPy51+IFmyx\nixL/hQZBG1hWf6dEBxfvTd84fDotxcs5Fz3342RLy7lXEOiQup77KVY=\n-----END RSA PRIVATE KEY-----\n",
            "content_base64": null,
            "content_base64sha256": "/6TxB+doA+iZmOMnHFmtOIJ0Nq/5oBVzYhA28xodb0I=",
            "content_base64sha512": "bue4LLO8naUw1ELT1pNnhuRDGpoLWegMwXNvX8SRi7hSJARdYl82U5cHYn2H+cRYS0z4P46oKn1BoMAUGFbvmA==",
            "content_md5": "b50392e4bb6c10b9f1400c5d820ddcc3",
            "content_sha1": "680a03ed324c948151018af2440743f5e9e025ac",
            "content_sha256": "ffa4f107e76803e89998e3271c59ad38827436aff9a01573621036f31a1d6f42",
            "content_sha512": "6ee7b82cb3bc9da530d442d3d6936786e4431a9a0b59e80cc1736f5fc4918bb85224045d625f36539707627d87f9c4584b4cf83f8ea82a7d41a0c0141856ef98",
            "directory_permission": "0777",
            "file_permission": "0600",
            "filename": "./my-keypair",
            "id": "680a03ed324c948151018af2440743f5e9e025ac",
            "sensitive_content": null,
            "source": null
          },
          "sensitive_attributes": [
            [
              {
                "type": "get_attr",
                "value": "sensitive_content"
              }
            ],
            [
              {
                "type": "get_attr",
                "value": "content"
              }
            ]
          ],
          "dependencies": [
            "tls_private_key.ssh_key"
          ]
        }
      ]
    },
    {
      "mode": "managed",
      "type": "random_id",
      "name": "bucket_id",
      "provider": "provider[\"registry.terraform.io/hashicorp/random\"]",
      "instances": [
        {
          "schema_version": 0,
          "attributes": {
            "b64_std": "Bs51Zg==",
            "b64_url": "Bs51Zg",
            "byte_length": 4,
            "dec": "114193766",
            "hex": "06ce7566",
            "id": "Bs51Zg",
            "keepers": null,
            "prefix": null
          },
          "sensitive_attributes": []
        }
      ]
    },
    {
      "mode": "managed",
      "type": "tls_private_key",
      "name": "ssh_key",
      "provider": "provider[\"registry.terraform.io/hashicorp/tls\"]",
      "instances": [
        {
          "schema_version": 1,
          "attributes": {
            "algorithm": "RSA",
            "ecdsa_curve": "P224",
            "id": "9926f0d003d39dc8b3a8971551c5c16994698dcb",
            "private_key_openssh": "-----BEGIN OPENSSH PRIVATE KEY-----\nb3BlbnNzaC1rZXktdjEAAAAABG5vbmUAAAAEbm9uZQAAAAAAAAABAAABFwAAAAdz\nc2gtcnNhAAAAAwEAAQAAAQEAzvtqBjU7ZCQ+F9jBpJ98WzmMFdyACXMHThvQWqzA\nNGhlsQYDrx+wL7cbMA5LmmL+niXsNXTPvB+v4BjSP8lTT50R9W7ChhbhErPvc/c9\nyQ7/ublv/MPw7b7bemIz/8hO8lmyxE05s0fWyO6tk4A8E3P/T4lquTJfAwIMiYke\nJvNm+E1JcOTWg7KgnxV7YXuON+WPNITpGb+SGb+3cs70dMuqKkkC093X+QYvghWD\nSFRPS+jESayxMvD/vATsrsMm+KWsUnyh3CgAZ7ZSFPMBZl41VxDKRSoGb4UEZHr4\nJRUG3KQJfefCiGJ/flFdSYmCOzVSUOeklM7KP/KZoH622QAAA7ifAR/rnwEf6wAA\nAAdzc2gtcnNhAAABAQDO+2oGNTtkJD4X2MGkn3xbOYwV3IAJcwdOG9BarMA0aGWx\nBgOvH7AvtxswDkuaYv6eJew1dM+8H6/gGNI/yVNPnRH1bsKGFuESs+9z9z3JDv+5\nuW/8w/Dtvtt6YjP/yE7yWbLETTmzR9bI7q2TgDwTc/9PiWq5Ml8DAgyJiR4m82b4\nTUlw5NaDsqCfFXthe4435Y80hOkZv5IZv7dyzvR0y6oqSQLT3df5Bi+CFYNIVE9L\n6MRJrLEy8P+8BOyuwyb4paxSfKHcKABntlIU8wFmXjVXEMpFKgZvhQRkevglFQbc\npAl958KIYn9+UV1JiYI7NVJQ56SUzso/8pmgfrbZAAAAAwEAAQAAAQAVgIxJ409N\nbq9tqkSpnbDdSDvrjHnXoXXFkUGindYky6Ce1IVe9L+IoXDHXADSI80YME/a2Mz4\n2eDbOrDi0/8d4u8Z7Fz0cZ2FpCAwz6NBRxfdWyyNWWymwiBKVTfaL1y2NAfMeUpQ\ne9rOCm+JRnXXPoJsKJYn8ZnptdWIFzDE8m3foNDmkZJEdwnOKTH8yXHeTTomCD0D\nCWaIA0vsN64PMi8lDsyRxovdp/beI0omVN8WmTlBp2JO+S8fHk7AF/7LrsAAMs4k\nNOB7GYVU5owHEAKAzpOAB9IZl30TQ2QDoxCxzq12ilGFsRN25LSb8WuBkux0DRhu\np5af/meydj0FAAAAgQDarGxP7f7T81kVDDIiijuUroeKvOq4KbQyTkCeHP0ygU7m\naaF9oxzfTCj41MQsPV9fPmNBW8oVvqJT/YaUMQZf7+QIhAvxxawdzkn+SiWUI/Ln\nX4gWbLGLEv+FBkEbWFZ/p0QHF+9N3zh8Oi3FyzkXPffjZEvLuVcQ6JC6nvspVgAA\nAIEA8tIB6kGaZCRCkWXjsyN/AvQ/1rgBw6Poa+c76Id6aDL7zwbb2Q3vNGYjVaWu\n3tzcdtI/2+CtgfZiyOUObrbH5kX+gS1WGDqQeIihIHieSqPq5KRkrSzitTBA7Mcy\ntswxZZOuOIWcSSkaO+UMF8WB+7h1cPSwkBA+l62drgdt7bUAAACBANo3bv0bD/Hx\nl6mUSK9vbPAyL/IGj5JrP+BFdCPqslMp+Q3rX8qEOo0K+2wzr9AxVeT/ZXmhqpLD\nddq0bbjFig7I36013yXdYKT3ZsXPb5LMkFdQM1hXXwLB5kLPGJXC7Bi/45Qt0byy\ney4QSqOZLdpEp0TmzYYtdXFo8Nim27sVAAAAAAEC\n-----END OPENSSH PRIVATE KEY-----\n",
            "private_key_pem": "-----BEGIN RSA PRIVATE KEY-----\nMIIEpQIBAAKCAQEAzvtqBjU7ZCQ+F9jBpJ98WzmMFdyACXMHThvQWqzANGhlsQYD\nrx+wL7cbMA5LmmL+niXsNXTPvB+v4BjSP8lTT50R9W7ChhbhErPvc/c9yQ7/ublv\n/MPw7b7bemIz/8hO8lmyxE05s0fWyO6tk4A8E3P/T4lquTJfAwIMiYkeJvNm+E1J\ncOTWg7KgnxV7YXuON+WPNITpGb+SGb+3cs70dMuqKkkC093X+QYvghWDSFRPS+jE\nSayxMvD/vATsrsMm+KWsUnyh3CgAZ7ZSFPMBZl41VxDKRSoGb4UEZHr4JRUG3KQJ\nfefCiGJ/flFdSYmCOzVSUOeklM7KP/KZoH622QIDAQABAoIBABWAjEnjT01ur22q\nRKmdsN1IO+uMedehdcWRQaKd1iTLoJ7UhV70v4ihcMdcANIjzRgwT9rYzPjZ4Ns6\nsOLT/x3i7xnsXPRxnYWkIDDPo0FHF91bLI1ZbKbCIEpVN9ovXLY0B8x5SlB72s4K\nb4lGddc+gmwolifxmem11YgXMMTybd+g0OaRkkR3Cc4pMfzJcd5NOiYIPQMJZogD\nS+w3rg8yLyUOzJHGi92n9t4jSiZU3xaZOUGnYk75Lx8eTsAX/suuwAAyziQ04HsZ\nhVTmjAcQAoDOk4AH0hmXfRNDZAOjELHOrXaKUYWxE3bktJvxa4GS7HQNGG6nlp/+\nZ7J2PQUCgYEA8tIB6kGaZCRCkWXjsyN/AvQ/1rgBw6Poa+c76Id6aDL7zwbb2Q3v\nNGYjVaWu3tzcdtI/2+CtgfZiyOUObrbH5kX+gS1WGDqQeIihIHieSqPq5KRkrSzi\ntTBA7McytswxZZOuOIWcSSkaO+UMF8WB+7h1cPSwkBA+l62drgdt7bUCgYEA2jdu\n/RsP8fGXqZRIr29s8DIv8gaPkms/4EV0I+qyUyn5DetfyoQ6jQr7bDOv0DFV5P9l\neaGqksN12rRtuMWKDsjfrTXfJd1gpPdmxc9vksyQV1AzWFdfAsHmQs8YlcLsGL/j\nlC3RvLJ7LhBKo5kt2kSnRObNhi11cWjw2KbbuxUCgYEA3nq6lHc9TYnHkE7JvSXF\nxuAh6cs4mpeAafU498nBxt0HyN0g7BQPWnRG5b9jpQC54wiqx/xpHU2xnx34Bkrk\nh0EUeike3B40pquQ7h518i+UFZ/mOqGIqrimlAvDlKcsj0QredA5rPLC/aPUW6d0\nfD27JR6c87JelzzU31IhT40CgYEA0DG5O9TZBq3IVCu8mVzG4/gOFGy8CCc5H0FE\niIwALSZLj0M09mPn9O84Z8h8gja/y6b76usaccH4rHwefv5BNM/j0D8ostiev2Wn\ncSzzN2zifdtv0WYyqM/UX4N04lXBqe9SMurwQ4dJzO4QODwKKkf8Ctnl1pGCjnxf\n5WR1Ge0CgYEA2qxsT+3+0/NZFQwyIoo7lK6HirzquCm0Mk5Anhz9MoFO5mmhfaMc\n30wo+NTELD1fXz5jQVvKFb6iU/2GlDEGX+/kCIQL8cWsHc5J/kollCPy51+IFmyx\nixL/hQZBG1hWf6dEBxfvTd84fDotxcs5Fz3342RLy7lXEOiQup77KVY=\n-----END RSA PRIVATE KEY-----\n",
            "private_key_pem_pkcs8": "-----BEGIN PRIVATE KEY-----\nMIIEvwIBADANBgkqhkiG9w0BAQEFAASCBKkwggSlAgEAAoIBAQDO+2oGNTtkJD4X\n2MGkn3xbOYwV3IAJcwdOG9BarMA0aGWxBgOvH7AvtxswDkuaYv6eJew1dM+8H6/g\nGNI/yVNPnRH1bsKGFuESs+9z9z3JDv+5uW/8w/Dtvtt6YjP/yE7yWbLETTmzR9bI\n7q2TgDwTc/9PiWq5Ml8DAgyJiR4m82b4TUlw5NaDsqCfFXthe4435Y80hOkZv5IZ\nv7dyzvR0y6oqSQLT3df5Bi+CFYNIVE9L6MRJrLEy8P+8BOyuwyb4paxSfKHcKABn\ntlIU8wFmXjVXEMpFKgZvhQRkevglFQbcpAl958KIYn9+UV1JiYI7NVJQ56SUzso/\n8pmgfrbZAgMBAAECggEAFYCMSeNPTW6vbapEqZ2w3Ug764x516F1xZFBop3WJMug\nntSFXvS/iKFwx1wA0iPNGDBP2tjM+Nng2zqw4tP/HeLvGexc9HGdhaQgMM+jQUcX\n3VssjVlspsIgSlU32i9ctjQHzHlKUHvazgpviUZ11z6CbCiWJ/GZ6bXViBcwxPJt\n36DQ5pGSRHcJzikx/Mlx3k06Jgg9AwlmiANL7DeuDzIvJQ7MkcaL3af23iNKJlTf\nFpk5QadiTvkvHx5OwBf+y67AADLOJDTgexmFVOaMBxACgM6TgAfSGZd9E0NkA6MQ\nsc6tdopRhbETduS0m/FrgZLsdA0YbqeWn/5nsnY9BQKBgQDy0gHqQZpkJEKRZeOz\nI38C9D/WuAHDo+hr5zvoh3poMvvPBtvZDe80ZiNVpa7e3Nx20j/b4K2B9mLI5Q5u\ntsfmRf6BLVYYOpB4iKEgeJ5Ko+rkpGStLOK1MEDsxzK2zDFlk644hZxJKRo75QwX\nxYH7uHVw9LCQED6XrZ2uB23ttQKBgQDaN279Gw/x8ZeplEivb2zwMi/yBo+Saz/g\nRXQj6rJTKfkN61/KhDqNCvtsM6/QMVXk/2V5oaqSw3XatG24xYoOyN+tNd8l3WCk\n92bFz2+SzJBXUDNYV18CweZCzxiVwuwYv+OULdG8snsuEEqjmS3aRKdE5s2GLXVx\naPDYptu7FQKBgQDeerqUdz1NiceQTsm9JcXG4CHpyzial4Bp9Tj3ycHG3QfI3SDs\nFA9adEblv2OlALnjCKrH/GkdTbGfHfgGSuSHQRR6KR7cHjSmq5DuHnXyL5QVn+Y6\noYiquKaUC8OUpyyPRCt50Dms8sL9o9Rbp3R8PbslHpzzsl6XPNTfUiFPjQKBgQDQ\nMbk71NkGrchUK7yZXMbj+A4UbLwIJzkfQUSIjAAtJkuPQzT2Y+f07zhnyHyCNr/L\npvvq6xpxwfisfB5+/kE0z+PQPyiy2J6/ZadxLPM3bOJ922/RZjKoz9Rfg3TiVcGp\n71Iy6vBDh0nM7hA4PAoqR/wK2eXWkYKOfF/lZHUZ7QKBgQDarGxP7f7T81kVDDIi\nijuUroeKvOq4KbQyTkCeHP0ygU7maaF9oxzfTCj41MQsPV9fPmNBW8oVvqJT/YaU\nMQZf7+QIhAvxxawdzkn+SiWUI/LnX4gWbLGLEv+FBkEbWFZ/p0QHF+9N3zh8Oi3F\nyzkXPffjZEvLuVcQ6JC6nvspVg==\n-----END PRIVATE KEY-----\n",
            "public_key_fingerprint_md5": "98:03:e1:e4:b0:d6:be:30:2e:12:17:60:af:f6:05:55",
            "public_key_fingerprint_sha256": "SHA256://XnVzhfEuGsvbp0qqZ40p5p89nJ9xgfD167ZUZAwdI",
            "public_key_openssh": "ssh-rsa AAAAB3NzaC1yc2EAAAADAQABAAABAQDO+2oGNTtkJD4X2MGkn3xbOYwV3IAJcwdOG9BarMA0aGWxBgOvH7AvtxswDkuaYv6eJew1dM+8H6/gGNI/yVNPnRH1bsKGFuESs+9z9z3JDv+5uW/8w/Dtvtt6YjP/yE7yWbLETTmzR9bI7q2TgDwTc/9PiWq5Ml8DAgyJiR4m82b4TUlw5NaDsqCfFXthe4435Y80hOkZv5IZv7dyzvR0y6oqSQLT3df5Bi+CFYNIVE9L6MRJrLEy8P+8BOyuwyb4paxSfKHcKABntlIU8wFmXjVXEMpFKgZvhQRkevglFQbcpAl958KIYn9+UV1JiYI7NVJQ56SUzso/8pmgfrbZ\n",
            "public_key_pem": "-----BEGIN PUBLIC KEY-----\nMIIBIjANBgkqhkiG9w0BAQEFAAOCAQ8AMIIBCgKCAQEAzvtqBjU7ZCQ+F9jBpJ98\nWzmMFdyACXMHThvQWqzANGhlsQYDrx+wL7cbMA5LmmL+niXsNXTPvB+v4BjSP8lT\nT50R9W7ChhbhErPvc/c9yQ7/ublv/MPw7b7bemIz/8hO8lmyxE05s0fWyO6tk4A8\nE3P/T4lquTJfAwIMiYkeJvNm+E1JcOTWg7KgnxV7YXuON+WPNITpGb+SGb+3cs70\ndMuqKkkC093X+QYvghWDSFRPS+jESayxMvD/vATsrsMm+KWsUnyh3CgAZ7ZSFPMB\nZl41VxDKRSoGb4UEZHr4JRUG3KQJfefCiGJ/flFdSYmCOzVSUOeklM7KP/KZoH62\n2QIDAQAB\n-----END PUBLIC KEY-----\n",
            "rsa_bits": 2048
          },
          "sensitive_attributes": [
            [
              {
                "type": "get_attr",
                "value": "private_key_openssh"
              }
            ],
            [
              {
                "type": "get_attr",
                "value": "private_key_pem"
              }
            ],
            [
              {
                "type": "get_attr",
                "value": "private_key_pem_pkcs8"
              }
            ]
          ]
        }
      ]
    },
    {
      "module": "module.aws_wordpress",
      "mode": "managed",
      "type": "aws_db_instance",
      "name": "wordpress_db",
      "provider": "provider[\"registry.terraform.io/hashicorp/aws\"]",
      "instances": [
        {
          "schema_version": 1,
          "attributes": {
            "address": "terraform-20250520155456165400000005.cota62seis3c.us-east-1.rds.amazonaws.com",
            "allocated_storage": 20,
            "allow_major_version_upgrade": null,
            "apply_immediately": false,
            "arn": "arn:aws:rds:us-east-1:140403179008:db:terraform-20250520155456165400000005",
            "auto_minor_version_upgrade": true,
            "availability_zone": "us-east-1b",
            "backup_retention_period": 7,
            "backup_window": "10:04-10:34",
            "ca_cert_identifier": "rds-ca-rsa2048-g1",
            "character_set_name": "",
            "copy_tags_to_snapshot": false,
            "customer_owned_ip_enabled": false,
            "db_subnet_group_name": "rds-subnet-group",
            "delete_automated_backups": true,
            "deletion_protection": false,
            "domain": "",
            "domain_iam_role_name": "",
            "enabled_cloudwatch_logs_exports": null,
            "endpoint": "terraform-20250520155456165400000005.cota62seis3c.us-east-1.rds.amazonaws.com:3306",
            "engine": "mysql",
            "engine_version": "8.0",
            "engine_version_actual": "8.0.41",
            "final_snapshot_identifier": null,
            "hosted_zone_id": "Z2R2ITUGPM61AM",
            "iam_database_authentication_enabled": false,
            "id": "terraform-20250520155456165400000005",
            "identifier": "terraform-20250520155456165400000005",
            "identifier_prefix": null,
            "instance_class": "db.t3.micro",
            "iops": 0,
            "kms_key_id": "",
            "latest_restorable_time": "2025-05-20T16:00:02Z",
            "license_model": "general-public-license",
            "maintenance_window": "wed:05:10-wed:05:40",
            "max_allocated_storage": 0,
            "monitoring_interval": 0,
            "monitoring_role_arn": "",
            "multi_az": false,
            "name": "frododb",
            "nchar_character_set_name": "",
            "option_group_name": "default:mysql-8-0",
            "parameter_group_name": "default.mysql8.0",
            "password": "bolson2425",
            "performance_insights_enabled": false,
            "performance_insights_kms_key_id": "",
            "performance_insights_retention_period": 0,
            "port": 3306,
            "publicly_accessible": false,
            "replica_mode": "",
            "replicas": [],
            "replicate_source_db": "",
            "resource_id": "db-MAKFN7JFURIIND2YEMYCNPVBU4",
            "restore_to_point_in_time": [],
            "s3_import": [],
            "security_group_names": null,
            "skip_final_snapshot": true,
            "snapshot_identifier": null,
            "status": "available",
            "storage_encrypted": false,
            "storage_type": "gp2",
            "tags": null,
            "tags_all": {},
            "timeouts": null,
            "timezone": "",
            "username": "frodo",
            "vpc_security_group_ids": [
              "sg-0169617088abed561"
            ]
          },
          "sensitive_attributes": [
            [
              {
                "type": "get_attr",
                "value": "password"
              }
            ]
          ],
          "private": "eyJlMmJmYjczMC1lY2FhLTExZTYtOGY4OC0zNDM2M2JjN2M0YzAiOnsiY3JlYXRlIjoyNDAwMDAwMDAwMDAwLCJkZWxldGUiOjM2MDAwMDAwMDAwMDAsInVwZGF0ZSI6NDgwMDAwMDAwMDAwMH0sInNjaGVtYV92ZXJzaW9uIjoiMSJ9",
          "dependencies": [
            "aws_db_subnet_group.RDS_subnet_grp",
            "aws_security_group.bastion",
            "aws_security_group.rds",
            "aws_security_group.wordpress",
            "aws_subnet.subnet5",
            "aws_subnet.subnet6",
            "aws_vpc.vpc"
          ]
        }
      ]
    },
    {
      "module": "module.aws_wordpress",
      "mode": "managed",
      "type": "aws_instance",
      "name": "wordpress_instance",
      "provider": "provider[\"registry.terraform.io/hashicorp/aws\"]",
      "instances": [
        {
          "schema_version": 1,
          "attributes": {
            "ami": "ami-0718b4ac01274c8cb",
            "arn": "arn:aws:ec2:us-east-1:140403179008:instance/i-054e13016b9cb291a",
            "associate_public_ip_address": false,
            "availability_zone": "us-east-1a",
            "capacity_reservation_specification": [
              {
                "capacity_reservation_preference": "open",
                "capacity_reservation_target": []
              }
            ],
            "cpu_core_count": 1,
            "cpu_threads_per_core": 1,
            "credit_specification": [
              {
                "cpu_credits": "standard"
              }
            ],
            "disable_api_termination": false,
            "ebs_block_device": [],
            "ebs_optimized": false,
            "enclave_options": [
              {
                "enabled": false
              }
            ],
            "ephemeral_block_device": [],
            "get_password_data": false,
            "hibernation": false,
            "host_id": null,
            "iam_instance_profile": "",
            "id": "i-054e13016b9cb291a",
            "instance_initiated_shutdown_behavior": "stop",
            "instance_state": "running",
            "instance_type": "t2.micro",
            "ipv6_address_count": 0,
            "ipv6_addresses": [],
            "key_name": "my-keypair",
            "launch_template": [],
            "metadata_options": [
              {
                "http_endpoint": "enabled",
                "http_put_response_hop_limit": 1,
                "http_tokens": "optional",
                "instance_metadata_tags": "disabled"
              }
            ],
            "monitoring": false,
            "network_interface": [],
            "outpost_arn": "",
            "password_data": "",
            "placement_group": "",
            "placement_partition_number": null,
            "primary_network_interface_id": "eni-0694374ad442ce7a5",
            "private_dns": "ip-30-0-3-23.ec2.internal",
            "private_ip": "30.0.3.23",
            "public_dns": "",
            "public_ip": "",
            "root_block_device": [
              {
                "delete_on_termination": true,
                "device_name": "/dev/sda1",
                "encrypted": false,
                "iops": 100,
                "kms_key_id": "",
                "tags": null,
                "throughput": 0,
                "volume_id": "vol-08adaccd211ce008f",
                "volume_size": 20,
                "volume_type": "gp2"
              }
            ],
            "secondary_private_ips": [],
            "security_groups": [],
            "source_dest_check": true,
            "subnet_id": "subnet-0d5b7ce6eb6a17df1",
            "tags": {
              "Name": "WordPress Server"
            },
            "tags_all": {
              "Name": "WordPress Server"
            },
            "tenancy": "default",
            "timeouts": null,
            "user_data": null,
            "user_data_base64": null,
            "volume_tags": null,
            "vpc_security_group_ids": [
              "sg-06615bf2f74c64161"
            ]
          },
          "sensitive_attributes": [],
          "private": "eyJlMmJmYjczMC1lY2FhLTExZTYtOGY4OC0zNDM2M2JjN2M0YzAiOnsiY3JlYXRlIjo2MDAwMDAwMDAwMDAsImRlbGV0ZSI6MTIwMDAwMDAwMDAwMCwidXBkYXRlIjo2MDAwMDAwMDAwMDB9LCJzY2hlbWFfdmVyc2lvbiI6IjEifQ==",
          "dependencies": [
            "aws_security_group.bastion",
            "aws_security_group.wordpress",
            "aws_subnet.subnet3",
            "aws_vpc.vpc",
            "data.aws_ami.linux2",
            "data.aws_ami.ubuntu"
          ]
        }
      ]
    }
  ],
  "check_results": null
}
